
Microsoft Visual Studio Solution File, Format Version 11.00
# Visual Studio 2010
Project("{FAE04EC0-301F-11D3-BF4B-00C04F79EFBC}") = "Ncqrs", "Framework\src\Ncqrs\Ncqrs.csproj", "{01F84441-80D3-49B4-AB18-96894ACB2F90}"
EndProject
Project("{FAE04EC0-301F-11D3-BF4B-00C04F79EFBC}") = "Ncqrs.Spec", "Framework\src\Ncqrs.Spec\Ncqrs.Spec.csproj", "{AA90754B-CA47-429E-BDC8-2A83E94179B7}"
EndProject
Project("{FAE04EC0-301F-11D3-BF4B-00C04F79EFBC}") = "Ncqrs.Tests", "Framework\src\Ncqrs.Tests\Ncqrs.Tests.csproj", "{50E98525-806C-41E3-9366-D36B1CD936D0}"
EndProject
Project("{2150E333-8FDC-42A3-9474-1A3956D46DE8}") = "Framework", "Framework", "{086A35E7-E3B8-449E-83A3-25A540148B86}"
EndProject
Project("{2150E333-8FDC-42A3-9474-1A3956D46DE8}") = "Extensions", "Extensions", "{4EAA1C9A-E268-4BA7-A73E-940E3D769C3A}"
EndProject
Project("{FAE04EC0-301F-11D3-BF4B-00C04F79EFBC}") = "Ncqrs.Config.StructureMap", "Extensions\src\Ncqrs.Config.StructureMap\Ncqrs.Config.StructureMap.csproj", "{2558F4AD-8D5D-43A2-AAEA-75B966F9B4DE}"
	ProjectSection(ProjectDependencies) = postProject
		{01F84441-80D3-49B4-AB18-96894ACB2F90} = {01F84441-80D3-49B4-AB18-96894ACB2F90}
	EndProjectSection
EndProject
Project("{FAE04EC0-301F-11D3-BF4B-00C04F79EFBC}") = "Ncqrs.Config.Windsor", "Extensions\src\Ncqrs.Config.Windsor\Ncqrs.Config.Windsor.csproj", "{99BE6129-C5C4-45A5-94AB-0ADEA0A6AD53}"
	ProjectSection(ProjectDependencies) = postProject
		{01F84441-80D3-49B4-AB18-96894ACB2F90} = {01F84441-80D3-49B4-AB18-96894ACB2F90}
	EndProjectSection
EndProject
Project("{FAE04EC0-301F-11D3-BF4B-00C04F79EFBC}") = "Ncqrs.Config.Windsor.Tests", "Extensions\src\Ncqrs.Config.Windsor.Tests\Ncqrs.Config.Windsor.Tests.csproj", "{629CA40F-74CF-4040-8CAD-5EFEDD06BCFE}"
EndProject
Project("{FAE04EC0-301F-11D3-BF4B-00C04F79EFBC}") = "Ncqrs.Eventing.Storage.RavenDB", "Extensions\src\Ncqrs.Eventing.Storage.RavenDB\Ncqrs.Eventing.Storage.RavenDB.csproj", "{EA93A91D-7BC9-4EC0-8A22-8A772AFD76C3}"
	ProjectSection(ProjectDependencies) = postProject
		{01F84441-80D3-49B4-AB18-96894ACB2F90} = {01F84441-80D3-49B4-AB18-96894ACB2F90}
	EndProjectSection
EndProject
Project("{FAE04EC0-301F-11D3-BF4B-00C04F79EFBC}") = "Ncqrs.Eventing.Storage.RavenDB.Tests", "Extensions\src\Ncqrs.Eventing.Storage.RavenDB.Tests\Ncqrs.Eventing.Storage.RavenDB.Tests.csproj", "{7714E2D3-372D-4B0A-9393-F7A0EDA331F5}"
EndProject
Project("{FAE04EC0-301F-11D3-BF4B-00C04F79EFBC}") = "Ncqrs.Eventing.Storage.SQLite", "Extensions\src\Ncqrs.Eventing.Storage.SqlLite\Ncqrs.Eventing.Storage.SQLite.csproj", "{DD28A7E6-A864-43F1-AB94-FC854ADD9AA0}"
	ProjectSection(ProjectDependencies) = postProject
		{01F84441-80D3-49B4-AB18-96894ACB2F90} = {01F84441-80D3-49B4-AB18-96894ACB2F90}
	EndProjectSection
EndProject
Project("{FAE04EC0-301F-11D3-BF4B-00C04F79EFBC}") = "Ncqrs.Eventing.Storage.SQLite.Tests", "Extensions\src\Ncqrs.Eventing.Storage.SqlLite.Tests\Ncqrs.Eventing.Storage.SQLite.Tests.csproj", "{2EAA3A87-4D94-4044-8641-B4E04E5774D8}"
EndProject
Project("{FAE04EC0-301F-11D3-BF4B-00C04F79EFBC}") = "Ncqrs.Messaging", "Extensions\src\Ncqrs.Messaging\Ncqrs.Messaging.csproj", "{3624C541-6D6E-4AAC-B70A-7A769FB5C442}"
	ProjectSection(ProjectDependencies) = postProject
		{01F84441-80D3-49B4-AB18-96894ACB2F90} = {01F84441-80D3-49B4-AB18-96894ACB2F90}
	EndProjectSection
EndProject
Project("{FAE04EC0-301F-11D3-BF4B-00C04F79EFBC}") = "Ncqrs.Messaging.NServiceBus", "Extensions\src\Ncqrs.Messaging.NServiceBus\Ncqrs.Messaging.NServiceBus.csproj", "{923B7912-224A-4CB1-BA34-D18A9E1EAB66}"
	ProjectSection(ProjectDependencies) = postProject
		{01F84441-80D3-49B4-AB18-96894ACB2F90} = {01F84441-80D3-49B4-AB18-96894ACB2F90}
	EndProjectSection
EndProject
Project("{FAE04EC0-301F-11D3-BF4B-00C04F79EFBC}") = "Ncqrs.Messaging.Tests", "Extensions\src\Ncqrs.Messaging.Tests\Ncqrs.Messaging.Tests.csproj", "{778A871A-CEB4-4AF1-81CC-EA532EC05067}"
EndProject
Project("{FAE04EC0-301F-11D3-BF4B-00C04F79EFBC}") = "Ncqrs.NServiceBus", "Extensions\src\Ncqrs.NServiceBus\Ncqrs.NServiceBus.csproj", "{9B796256-E9D6-4F21-BB89-C5333A880BFE}"
	ProjectSection(ProjectDependencies) = postProject
		{01F84441-80D3-49B4-AB18-96894ACB2F90} = {01F84441-80D3-49B4-AB18-96894ACB2F90}
	EndProjectSection
EndProject
Project("{FAE04EC0-301F-11D3-BF4B-00C04F79EFBC}") = "Ncqrs.NServiceBus.Tests", "Extensions\src\Ncqrs.NServiceBus.Tests\Ncqrs.NServiceBus.Tests.csproj", "{86D87653-EC64-4388-A5F7-2F64F690C5F5}"
EndProject
Project("{2150E333-8FDC-42A3-9474-1A3956D46DE8}") = "Samples", "Samples", "{84A6E29C-BC29-4348-BA51-4218E75CED1A}"
EndProject
Project("{2150E333-8FDC-42A3-9474-1A3956D46DE8}") = "MyNotes", "MyNotes", "{8478A8FA-7295-4098-866D-47F458C766C8}"
EndProject
Project("{FAE04EC0-301F-11D3-BF4B-00C04F79EFBC}") = "Commands", "Samples\MyNotes\src\Commands\Commands.csproj", "{CF0635EB-DFA4-4E82-B245-A0F125183E08}"
EndProject
Project("{FAE04EC0-301F-11D3-BF4B-00C04F79EFBC}") = "Domain", "Samples\MyNotes\src\Domain\Domain.csproj", "{BD0344CC-E61E-4BC6-8782-0AC0390F48FD}"
	ProjectSection(ProjectDependencies) = postProject
		{01F84441-80D3-49B4-AB18-96894ACB2F90} = {01F84441-80D3-49B4-AB18-96894ACB2F90}
	EndProjectSection
EndProject
Project("{FAE04EC0-301F-11D3-BF4B-00C04F79EFBC}") = "Events", "Samples\MyNotes\src\Events\Events.csproj", "{705805EF-47BE-48A8-A359-CA999169E445}"
	ProjectSection(ProjectDependencies) = postProject
		{01F84441-80D3-49B4-AB18-96894ACB2F90} = {01F84441-80D3-49B4-AB18-96894ACB2F90}
	EndProjectSection
EndProject
Project("{FAE04EC0-301F-11D3-BF4B-00C04F79EFBC}") = "ReadModel", "Samples\MyNotes\src\ReadModel\ReadModel.csproj", "{D01CE8F6-800E-44CC-886B-F862B10E1396}"
EndProject
Project("{FAE04EC0-301F-11D3-BF4B-00C04F79EFBC}") = "Client", "Samples\NSBSample\Client\Client.csproj", "{97B83914-6A1A-4EF4-AE40-F5CE4FA48FA8}"
EndProject
Project("{2150E333-8FDC-42A3-9474-1A3956D46DE8}") = "NSBSample", "NSBSample", "{963C0C88-DCB6-4944-94EC-728CBB3C2778}"
EndProject
Project("{FAE04EC0-301F-11D3-BF4B-00C04F79EFBC}") = "Commands", "Samples\NSBSample\Commands\Commands.csproj", "{5EF85227-BF8E-4A19-8496-2A3BB500E27C}"
EndProject
Project("{FAE04EC0-301F-11D3-BF4B-00C04F79EFBC}") = "Domain", "Samples\NSBSample\Domain\Domain.csproj", "{B233A995-93BA-4B6F-8227-EF2A57C750BD}"
	ProjectSection(ProjectDependencies) = postProject
		{01F84441-80D3-49B4-AB18-96894ACB2F90} = {01F84441-80D3-49B4-AB18-96894ACB2F90}
	EndProjectSection
EndProject
Project("{FAE04EC0-301F-11D3-BF4B-00C04F79EFBC}") = "Events", "Samples\NSBSample\Events\Events.csproj", "{5088657E-AC3F-4081-B0B8-ACFBBD6BFA28}"
	ProjectSection(ProjectDependencies) = postProject
		{01F84441-80D3-49B4-AB18-96894ACB2F90} = {01F84441-80D3-49B4-AB18-96894ACB2F90}
	EndProjectSection
EndProject
Project("{FAE04EC0-301F-11D3-BF4B-00C04F79EFBC}") = "Server", "Samples\NSBSample\Server\Server.csproj", "{E55F2D87-CBA5-48CE-AF6E-FBF069084BAF}"
	ProjectSection(ProjectDependencies) = postProject
		{01F84441-80D3-49B4-AB18-96894ACB2F90} = {01F84441-80D3-49B4-AB18-96894ACB2F90}
	EndProjectSection
EndProject
Project("{FAE04EC0-301F-11D3-BF4B-00C04F79EFBC}") = "AppV1", "Samples\VersioningSample\src\Appv1\AppV1.csproj", "{ECE2E2E8-648C-4561-82A0-9A1D6A2D4645}"
EndProject
Project("{2150E333-8FDC-42A3-9474-1A3956D46DE8}") = "VersioningSample", "VersioningSample", "{E7C55656-EC73-4802-9ED4-1BC321C86ABA}"
	ProjectSection(SolutionItems) = preProject
		Samples\VersioningSample\CreateEventStore.sql = Samples\VersioningSample\CreateEventStore.sql
		Samples\VersioningSample\readme.txt = Samples\VersioningSample\readme.txt
	EndProjectSection
EndProject
Project("{FAE04EC0-301F-11D3-BF4B-00C04F79EFBC}") = "AppV2", "Samples\VersioningSample\src\AppV2\AppV2.csproj", "{7A3419B2-588C-416B-A9F3-BFAE77C22D77}"
EndProject
Project("{FAE04EC0-301F-11D3-BF4B-00C04F79EFBC}") = "AppV3", "Samples\VersioningSample\src\AppV3\AppV3.csproj", "{2489CF5D-6CEE-44C7-825D-521383275DB7}"
EndProject
Project("{FAE04EC0-301F-11D3-BF4B-00C04F79EFBC}") = "Ncqrs.EventBus", "Extensions\src\Ncqrs.EventBus\Ncqrs.EventBus.csproj", "{CAF2E548-87C8-422B-A62C-8C3ED83FF3C3}"
	ProjectSection(ProjectDependencies) = postProject
		{01F84441-80D3-49B4-AB18-96894ACB2F90} = {01F84441-80D3-49B4-AB18-96894ACB2F90}
	EndProjectSection
EndProject
Project("{FAE04EC0-301F-11D3-BF4B-00C04F79EFBC}") = "Ncqrs.CommandService", "Extensions\src\Ncqrs.CommandService\Ncqrs.CommandService.csproj", "{9CBAEAFE-9265-47BA-82C5-5E0774CBF2C5}"
	ProjectSection(ProjectDependencies) = postProject
		{76062319-4F5D-4055-9D1A-5680DD2DA882} = {76062319-4F5D-4055-9D1A-5680DD2DA882}
		{01F84441-80D3-49B4-AB18-96894ACB2F90} = {01F84441-80D3-49B4-AB18-96894ACB2F90}
	EndProjectSection
EndProject
Project("{FAE04EC0-301F-11D3-BF4B-00C04F79EFBC}") = "Ncqrs.EventBus.IntegrationTest", "Extensions\src\Ncqrs.EventBus.IntegrationTest\Ncqrs.EventBus.IntegrationTest.csproj", "{DC0FB020-79D9-497E-8869-9508FCFA6537}"
EndProject
Project("{FAE04EC0-301F-11D3-BF4B-00C04F79EFBC}") = "Ncqrs.CommandService.Contracts", "Extensions\src\Ncqrs.CommandService.Contracts\Ncqrs.CommandService.Contracts.csproj", "{76062319-4F5D-4055-9D1A-5680DD2DA882}"
	ProjectSection(ProjectDependencies) = postProject
		{01F84441-80D3-49B4-AB18-96894ACB2F90} = {01F84441-80D3-49B4-AB18-96894ACB2F90}
	EndProjectSection
EndProject
Project("{FAE04EC0-301F-11D3-BF4B-00C04F79EFBC}") = "Ncqrs.EventBus.Tests", "Extensions\src\Ncqrs.EventBus.Tests\Ncqrs.EventBus.Tests.csproj", "{EE6E54C8-D108-49E7-9E2A-6BAEF6D5339F}"
EndProject
Project("{FAE04EC0-301F-11D3-BF4B-00C04F79EFBC}") = "Ncqrs.NServiceBus.EventBus", "Extensions\src\Ncqrs.NServiceBus.EventBus\Ncqrs.NServiceBus.EventBus.csproj", "{B8B5FD78-06BE-4BC0-8A0A-7C63C3FEB63C}"
	ProjectSection(ProjectDependencies) = postProject
		{01F84441-80D3-49B4-AB18-96894ACB2F90} = {01F84441-80D3-49B4-AB18-96894ACB2F90}
	EndProjectSection
EndProject
Project("{FAE04EC0-301F-11D3-BF4B-00C04F79EFBC}") = "Ncqrs.Eventing.Storage.JOliver", "Extensions\src\Ncqrs.Eventing.Storage.JOliver\Ncqrs.Eventing.Storage.JOliver.csproj", "{DCA6E39A-8D6B-4531-ACA7-33D790D27878}"
EndProject
Project("{FAE04EC0-301F-11D3-BF4B-00C04F79EFBC}") = "Ncqrs.Eventing.Storage.JOliver.Tests", "Extensions\src\Ncqrs.Eventing.Storage.JOliver.Tests\Ncqrs.Eventing.Storage.JOliver.Tests.csproj", "{7C4B1AD0-C354-47D1-A9AB-793AE2AD52A2}"
EndProject
Project("{FAE04EC0-301F-11D3-BF4B-00C04F79EFBC}") = "ApplicationService", "Samples\MyNotes\src\ApplicationService\ApplicationService.csproj", "{B43AEA6E-59C2-4731-91EA-40C36CEE8360}"
EndProject
Project("{FAE04EC0-301F-11D3-BF4B-00C04F79EFBC}") = "Ncqrs.Tests.Integration", "Framework\src\Ncqrs.Tests.Integration\Ncqrs.Tests.Integration.csproj", "{D300CE86-E8DF-4E9A-9FEB-A2355661A9F2}"
EndProject
Project("{FAE04EC0-301F-11D3-BF4B-00C04F79EFBC}") = "Ncqrs.Eventing.Storage.JOliver.RavenPersistence", "Extensions\src\Ncqrs.Eventing.Storage.JOliver.RavenPersistence\Ncqrs.Eventing.Storage.JOliver.RavenPersistence.csproj", "{A2ADE0B3-D3C0-4D6B-8701-C0F5E509A69A}"
EndProject
Project("{FAE04EC0-301F-11D3-BF4B-00C04F79EFBC}") = "Ncqrs.Eventing.Storage.WindowsAzure", "Extensions\src\Ncqrs.Eventing.Storage.WindowsAzure\Ncqrs.Eventing.Storage.WindowsAzure.csproj", "{6535AFF3-E730-4916-9CF6-1186F3C1DAFE}"
EndProject
Project("{FAE04EC0-301F-11D3-BF4B-00C04F79EFBC}") = "Ncqrs.Eventing.Storage.WindowsAzure.Tests", "Extensions\src\Ncqrs.Eventing.Storage.WindowsAzure.Tests\Ncqrs.Eventing.Storage.WindowsAzure.Tests.csproj", "{693DEFC5-355C-4F62-B424-3119046B5F6D}"
EndProject
Project("{2150E333-8FDC-42A3-9474-1A3956D46DE8}") = "Solution Items", "Solution Items", "{9961F987-2519-493C-83E6-5E8AFCD32291}"
	ProjectSection(SolutionItems) = preProject
		Local.testsettings = Local.testsettings
		Ncqrs.Master.vsmdi = Ncqrs.Master.vsmdi
		TraceAndTestImpact.testsettings = TraceAndTestImpact.testsettings
	EndProjectSection
EndProject
Project("{FAE04EC0-301F-11D3-BF4B-00C04F79EFBC}") = "Ncqrs.Config.Ninject", "Extensions\src\Ncqrs.Config.Ninject\Ncqrs.Config.Ninject.csproj", "{E7EF81C1-4896-446D-B761-3BDA111E09D1}"
EndProject
Project("{FAE04EC0-301F-11D3-BF4B-00C04F79EFBC}") = "Ncqrs.Config.Ninject.Tests", "Extensions\src\Ncqrs.Config.Ninject.Tests\Ncqrs.Config.Ninject.Tests.csproj", "{7F74C778-717A-4395-BA6B-14335E6C9753}"
EndProject
Project("{FAE04EC0-301F-11D3-BF4B-00C04F79EFBC}") = "Ncqrs.Eventing.Storage.Postgre", "Extensions\src\Ncqrs.Eventing.Storage.Postgre\Ncqrs.Eventing.Storage.Postgre.csproj", "{73EFEBCC-4B62-470B-A27B-D846359FF600}"
EndProject
Project("{FAE04EC0-301F-11D3-BF4B-00C04F79EFBC}") = "Tests", "Samples\MyNotes\src\Tests\Tests.csproj", "{1F4B376F-D08C-4C8B-AB6E-16F70173FBB5}"
EndProject
Project("{FAE04EC0-301F-11D3-BF4B-00C04F79EFBC}") = "Website", "Samples\MyNotes\src\Website\Website.csproj", "{6F1765AB-F3DD-40C0-8D80-C1E1A20173E3}"
	ProjectSection(ProjectDependencies) = postProject
		{76062319-4F5D-4055-9D1A-5680DD2DA882} = {76062319-4F5D-4055-9D1A-5680DD2DA882}
		{01F84441-80D3-49B4-AB18-96894ACB2F90} = {01F84441-80D3-49B4-AB18-96894ACB2F90}
		{9CBAEAFE-9265-47BA-82C5-5E0774CBF2C5} = {9CBAEAFE-9265-47BA-82C5-5E0774CBF2C5}
	EndProjectSection
EndProject
Project("{FAE04EC0-301F-11D3-BF4B-00C04F79EFBC}") = "Ncqrs.Eventing.Sourcing.Snapshotting.DynamicSnapshot", "Extensions\src\Ncqrs.Eventing.Sourcing.Snapshotting.DynamicSnapshot\Ncqrs.Eventing.Sourcing.Snapshotting.DynamicSnapshot.csproj", "{618E1C0F-E6B7-4C51-961D-C4ACE60CFC85}"
EndProject
Project("{FAE04EC0-301F-11D3-BF4B-00C04F79EFBC}") = "Ncqrs.Eventing.Sourcing.Snapshotting.DynamicSnapshot.Tests", "Extensions\src\Ncqrs.Eventing.Sourcing.Snapshotting.DynamicSnapshot.Tests\Ncqrs.Eventing.Sourcing.Snapshotting.DynamicSnapshot.Tests.csproj", "{85073A89-CC13-44E2-B8C2-FB0B638B60F7}"
EndProject
Global
	GlobalSection(TestCaseManagementSettings) = postSolution
		CategoryFile = Ncqrs.Master.vsmdi
	EndGlobalSection
	GlobalSection(SolutionConfigurationPlatforms) = preSolution
		Debug|Any CPU = Debug|Any CPU
		Debug|Mixed Platforms = Debug|Mixed Platforms
		Debug|x86 = Debug|x86
		Release|Any CPU = Release|Any CPU
		Release|Mixed Platforms = Release|Mixed Platforms
		Release|x86 = Release|x86
	EndGlobalSection
	GlobalSection(ProjectConfigurationPlatforms) = postSolution
		{01F84441-80D3-49B4-AB18-96894ACB2F90}.Debug|Any CPU.ActiveCfg = Debug|Any CPU
		{01F84441-80D3-49B4-AB18-96894ACB2F90}.Debug|Any CPU.Build.0 = Debug|Any CPU
		{01F84441-80D3-49B4-AB18-96894ACB2F90}.Debug|Mixed Platforms.ActiveCfg = Debug|Any CPU
		{01F84441-80D3-49B4-AB18-96894ACB2F90}.Debug|Mixed Platforms.Build.0 = Debug|Any CPU
		{01F84441-80D3-49B4-AB18-96894ACB2F90}.Debug|x86.ActiveCfg = Debug|Any CPU
		{01F84441-80D3-49B4-AB18-96894ACB2F90}.Release|Any CPU.ActiveCfg = Release|Any CPU
		{01F84441-80D3-49B4-AB18-96894ACB2F90}.Release|Any CPU.Build.0 = Release|Any CPU
		{01F84441-80D3-49B4-AB18-96894ACB2F90}.Release|Mixed Platforms.ActiveCfg = Release|Any CPU
		{01F84441-80D3-49B4-AB18-96894ACB2F90}.Release|Mixed Platforms.Build.0 = Release|Any CPU
		{01F84441-80D3-49B4-AB18-96894ACB2F90}.Release|x86.ActiveCfg = Release|Any CPU
		{AA90754B-CA47-429E-BDC8-2A83E94179B7}.Debug|Any CPU.ActiveCfg = Debug|Any CPU
		{AA90754B-CA47-429E-BDC8-2A83E94179B7}.Debug|Any CPU.Build.0 = Debug|Any CPU
		{AA90754B-CA47-429E-BDC8-2A83E94179B7}.Debug|Mixed Platforms.ActiveCfg = Debug|Any CPU
		{AA90754B-CA47-429E-BDC8-2A83E94179B7}.Debug|Mixed Platforms.Build.0 = Debug|Any CPU
		{AA90754B-CA47-429E-BDC8-2A83E94179B7}.Debug|x86.ActiveCfg = Debug|Any CPU
		{AA90754B-CA47-429E-BDC8-2A83E94179B7}.Release|Any CPU.ActiveCfg = Release|Any CPU
		{AA90754B-CA47-429E-BDC8-2A83E94179B7}.Release|Any CPU.Build.0 = Release|Any CPU
		{AA90754B-CA47-429E-BDC8-2A83E94179B7}.Release|Mixed Platforms.ActiveCfg = Release|Any CPU
		{AA90754B-CA47-429E-BDC8-2A83E94179B7}.Release|Mixed Platforms.Build.0 = Release|Any CPU
		{AA90754B-CA47-429E-BDC8-2A83E94179B7}.Release|x86.ActiveCfg = Release|Any CPU
		{50E98525-806C-41E3-9366-D36B1CD936D0}.Debug|Any CPU.ActiveCfg = Debug|Any CPU
		{50E98525-806C-41E3-9366-D36B1CD936D0}.Debug|Any CPU.Build.0 = Debug|Any CPU
		{50E98525-806C-41E3-9366-D36B1CD936D0}.Debug|Mixed Platforms.ActiveCfg = Debug|Any CPU
		{50E98525-806C-41E3-9366-D36B1CD936D0}.Debug|Mixed Platforms.Build.0 = Debug|Any CPU
		{50E98525-806C-41E3-9366-D36B1CD936D0}.Debug|x86.ActiveCfg = Debug|Any CPU
		{50E98525-806C-41E3-9366-D36B1CD936D0}.Release|Any CPU.ActiveCfg = Release|Any CPU
		{50E98525-806C-41E3-9366-D36B1CD936D0}.Release|Any CPU.Build.0 = Release|Any CPU
		{50E98525-806C-41E3-9366-D36B1CD936D0}.Release|Mixed Platforms.ActiveCfg = Release|Any CPU
		{50E98525-806C-41E3-9366-D36B1CD936D0}.Release|Mixed Platforms.Build.0 = Release|Any CPU
		{50E98525-806C-41E3-9366-D36B1CD936D0}.Release|x86.ActiveCfg = Release|Any CPU
		{2558F4AD-8D5D-43A2-AAEA-75B966F9B4DE}.Debug|Any CPU.ActiveCfg = Debug|Any CPU
		{2558F4AD-8D5D-43A2-AAEA-75B966F9B4DE}.Debug|Any CPU.Build.0 = Debug|Any CPU
		{2558F4AD-8D5D-43A2-AAEA-75B966F9B4DE}.Debug|Mixed Platforms.ActiveCfg = Debug|Any CPU
		{2558F4AD-8D5D-43A2-AAEA-75B966F9B4DE}.Debug|Mixed Platforms.Build.0 = Debug|Any CPU
		{2558F4AD-8D5D-43A2-AAEA-75B966F9B4DE}.Debug|x86.ActiveCfg = Debug|Any CPU
		{2558F4AD-8D5D-43A2-AAEA-75B966F9B4DE}.Release|Any CPU.ActiveCfg = Release|Any CPU
		{2558F4AD-8D5D-43A2-AAEA-75B966F9B4DE}.Release|Any CPU.Build.0 = Release|Any CPU
		{2558F4AD-8D5D-43A2-AAEA-75B966F9B4DE}.Release|Mixed Platforms.ActiveCfg = Release|Any CPU
		{2558F4AD-8D5D-43A2-AAEA-75B966F9B4DE}.Release|Mixed Platforms.Build.0 = Release|Any CPU
		{2558F4AD-8D5D-43A2-AAEA-75B966F9B4DE}.Release|x86.ActiveCfg = Release|Any CPU
		{99BE6129-C5C4-45A5-94AB-0ADEA0A6AD53}.Debug|Any CPU.ActiveCfg = Debug|Any CPU
		{99BE6129-C5C4-45A5-94AB-0ADEA0A6AD53}.Debug|Any CPU.Build.0 = Debug|Any CPU
		{99BE6129-C5C4-45A5-94AB-0ADEA0A6AD53}.Debug|Mixed Platforms.ActiveCfg = Debug|Any CPU
		{99BE6129-C5C4-45A5-94AB-0ADEA0A6AD53}.Debug|Mixed Platforms.Build.0 = Debug|Any CPU
		{99BE6129-C5C4-45A5-94AB-0ADEA0A6AD53}.Debug|x86.ActiveCfg = Debug|Any CPU
		{99BE6129-C5C4-45A5-94AB-0ADEA0A6AD53}.Release|Any CPU.ActiveCfg = Release|Any CPU
		{99BE6129-C5C4-45A5-94AB-0ADEA0A6AD53}.Release|Any CPU.Build.0 = Release|Any CPU
		{99BE6129-C5C4-45A5-94AB-0ADEA0A6AD53}.Release|Mixed Platforms.ActiveCfg = Release|Any CPU
		{99BE6129-C5C4-45A5-94AB-0ADEA0A6AD53}.Release|Mixed Platforms.Build.0 = Release|Any CPU
		{99BE6129-C5C4-45A5-94AB-0ADEA0A6AD53}.Release|x86.ActiveCfg = Release|Any CPU
		{629CA40F-74CF-4040-8CAD-5EFEDD06BCFE}.Debug|Any CPU.ActiveCfg = Debug|Any CPU
		{629CA40F-74CF-4040-8CAD-5EFEDD06BCFE}.Debug|Any CPU.Build.0 = Debug|Any CPU
		{629CA40F-74CF-4040-8CAD-5EFEDD06BCFE}.Debug|Mixed Platforms.ActiveCfg = Debug|Any CPU
		{629CA40F-74CF-4040-8CAD-5EFEDD06BCFE}.Debug|Mixed Platforms.Build.0 = Debug|Any CPU
		{629CA40F-74CF-4040-8CAD-5EFEDD06BCFE}.Debug|x86.ActiveCfg = Debug|Any CPU
		{629CA40F-74CF-4040-8CAD-5EFEDD06BCFE}.Release|Any CPU.ActiveCfg = Release|Any CPU
		{629CA40F-74CF-4040-8CAD-5EFEDD06BCFE}.Release|Any CPU.Build.0 = Release|Any CPU
		{629CA40F-74CF-4040-8CAD-5EFEDD06BCFE}.Release|Mixed Platforms.ActiveCfg = Release|Any CPU
		{629CA40F-74CF-4040-8CAD-5EFEDD06BCFE}.Release|Mixed Platforms.Build.0 = Release|Any CPU
		{629CA40F-74CF-4040-8CAD-5EFEDD06BCFE}.Release|x86.ActiveCfg = Release|Any CPU
		{EA93A91D-7BC9-4EC0-8A22-8A772AFD76C3}.Debug|Any CPU.ActiveCfg = Debug|Any CPU
		{EA93A91D-7BC9-4EC0-8A22-8A772AFD76C3}.Debug|Any CPU.Build.0 = Debug|Any CPU
		{EA93A91D-7BC9-4EC0-8A22-8A772AFD76C3}.Debug|Mixed Platforms.ActiveCfg = Debug|Any CPU
		{EA93A91D-7BC9-4EC0-8A22-8A772AFD76C3}.Debug|Mixed Platforms.Build.0 = Debug|Any CPU
		{EA93A91D-7BC9-4EC0-8A22-8A772AFD76C3}.Debug|x86.ActiveCfg = Debug|Any CPU
		{EA93A91D-7BC9-4EC0-8A22-8A772AFD76C3}.Release|Any CPU.ActiveCfg = Release|Any CPU
		{EA93A91D-7BC9-4EC0-8A22-8A772AFD76C3}.Release|Any CPU.Build.0 = Release|Any CPU
		{EA93A91D-7BC9-4EC0-8A22-8A772AFD76C3}.Release|Mixed Platforms.ActiveCfg = Release|Any CPU
		{EA93A91D-7BC9-4EC0-8A22-8A772AFD76C3}.Release|Mixed Platforms.Build.0 = Release|Any CPU
		{EA93A91D-7BC9-4EC0-8A22-8A772AFD76C3}.Release|x86.ActiveCfg = Release|Any CPU
		{7714E2D3-372D-4B0A-9393-F7A0EDA331F5}.Debug|Any CPU.ActiveCfg = Debug|Any CPU
		{7714E2D3-372D-4B0A-9393-F7A0EDA331F5}.Debug|Any CPU.Build.0 = Debug|Any CPU
		{7714E2D3-372D-4B0A-9393-F7A0EDA331F5}.Debug|Mixed Platforms.ActiveCfg = Debug|Any CPU
		{7714E2D3-372D-4B0A-9393-F7A0EDA331F5}.Debug|Mixed Platforms.Build.0 = Debug|Any CPU
		{7714E2D3-372D-4B0A-9393-F7A0EDA331F5}.Debug|x86.ActiveCfg = Debug|Any CPU
		{7714E2D3-372D-4B0A-9393-F7A0EDA331F5}.Release|Any CPU.ActiveCfg = Release|Any CPU
		{7714E2D3-372D-4B0A-9393-F7A0EDA331F5}.Release|Any CPU.Build.0 = Release|Any CPU
		{7714E2D3-372D-4B0A-9393-F7A0EDA331F5}.Release|Mixed Platforms.ActiveCfg = Release|Any CPU
		{7714E2D3-372D-4B0A-9393-F7A0EDA331F5}.Release|Mixed Platforms.Build.0 = Release|Any CPU
		{7714E2D3-372D-4B0A-9393-F7A0EDA331F5}.Release|x86.ActiveCfg = Release|Any CPU
		{DD28A7E6-A864-43F1-AB94-FC854ADD9AA0}.Debug|Any CPU.ActiveCfg = Debug|Any CPU
		{DD28A7E6-A864-43F1-AB94-FC854ADD9AA0}.Debug|Any CPU.Build.0 = Debug|Any CPU
		{DD28A7E6-A864-43F1-AB94-FC854ADD9AA0}.Debug|Mixed Platforms.ActiveCfg = Debug|Any CPU
		{DD28A7E6-A864-43F1-AB94-FC854ADD9AA0}.Debug|Mixed Platforms.Build.0 = Debug|Any CPU
		{DD28A7E6-A864-43F1-AB94-FC854ADD9AA0}.Debug|x86.ActiveCfg = Debug|Any CPU
		{DD28A7E6-A864-43F1-AB94-FC854ADD9AA0}.Release|Any CPU.ActiveCfg = Release|Any CPU
		{DD28A7E6-A864-43F1-AB94-FC854ADD9AA0}.Release|Any CPU.Build.0 = Release|Any CPU
		{DD28A7E6-A864-43F1-AB94-FC854ADD9AA0}.Release|Mixed Platforms.ActiveCfg = Release|Any CPU
		{DD28A7E6-A864-43F1-AB94-FC854ADD9AA0}.Release|Mixed Platforms.Build.0 = Release|Any CPU
		{DD28A7E6-A864-43F1-AB94-FC854ADD9AA0}.Release|x86.ActiveCfg = Release|Any CPU
		{2EAA3A87-4D94-4044-8641-B4E04E5774D8}.Debug|Any CPU.ActiveCfg = Debug|Any CPU
		{2EAA3A87-4D94-4044-8641-B4E04E5774D8}.Debug|Any CPU.Build.0 = Debug|Any CPU
		{2EAA3A87-4D94-4044-8641-B4E04E5774D8}.Debug|Mixed Platforms.ActiveCfg = Debug|Any CPU
		{2EAA3A87-4D94-4044-8641-B4E04E5774D8}.Debug|Mixed Platforms.Build.0 = Debug|Any CPU
		{2EAA3A87-4D94-4044-8641-B4E04E5774D8}.Debug|x86.ActiveCfg = Debug|Any CPU
		{2EAA3A87-4D94-4044-8641-B4E04E5774D8}.Release|Any CPU.ActiveCfg = Release|Any CPU
		{2EAA3A87-4D94-4044-8641-B4E04E5774D8}.Release|Any CPU.Build.0 = Release|Any CPU
		{2EAA3A87-4D94-4044-8641-B4E04E5774D8}.Release|Mixed Platforms.ActiveCfg = Release|Any CPU
		{2EAA3A87-4D94-4044-8641-B4E04E5774D8}.Release|Mixed Platforms.Build.0 = Release|Any CPU
		{2EAA3A87-4D94-4044-8641-B4E04E5774D8}.Release|x86.ActiveCfg = Release|Any CPU
		{3624C541-6D6E-4AAC-B70A-7A769FB5C442}.Debug|Any CPU.ActiveCfg = Debug|Any CPU
		{3624C541-6D6E-4AAC-B70A-7A769FB5C442}.Debug|Any CPU.Build.0 = Debug|Any CPU
		{3624C541-6D6E-4AAC-B70A-7A769FB5C442}.Debug|Mixed Platforms.ActiveCfg = Debug|Any CPU
		{3624C541-6D6E-4AAC-B70A-7A769FB5C442}.Debug|Mixed Platforms.Build.0 = Debug|Any CPU
		{3624C541-6D6E-4AAC-B70A-7A769FB5C442}.Debug|x86.ActiveCfg = Debug|Any CPU
		{3624C541-6D6E-4AAC-B70A-7A769FB5C442}.Release|Any CPU.ActiveCfg = Release|Any CPU
		{3624C541-6D6E-4AAC-B70A-7A769FB5C442}.Release|Any CPU.Build.0 = Release|Any CPU
		{3624C541-6D6E-4AAC-B70A-7A769FB5C442}.Release|Mixed Platforms.ActiveCfg = Release|Any CPU
		{3624C541-6D6E-4AAC-B70A-7A769FB5C442}.Release|Mixed Platforms.Build.0 = Release|Any CPU
		{3624C541-6D6E-4AAC-B70A-7A769FB5C442}.Release|x86.ActiveCfg = Release|Any CPU
		{923B7912-224A-4CB1-BA34-D18A9E1EAB66}.Debug|Any CPU.ActiveCfg = Debug|Any CPU
		{923B7912-224A-4CB1-BA34-D18A9E1EAB66}.Debug|Any CPU.Build.0 = Debug|Any CPU
		{923B7912-224A-4CB1-BA34-D18A9E1EAB66}.Debug|Mixed Platforms.ActiveCfg = Debug|Any CPU
		{923B7912-224A-4CB1-BA34-D18A9E1EAB66}.Debug|Mixed Platforms.Build.0 = Debug|Any CPU
		{923B7912-224A-4CB1-BA34-D18A9E1EAB66}.Debug|x86.ActiveCfg = Debug|Any CPU
		{923B7912-224A-4CB1-BA34-D18A9E1EAB66}.Release|Any CPU.ActiveCfg = Release|Any CPU
		{923B7912-224A-4CB1-BA34-D18A9E1EAB66}.Release|Any CPU.Build.0 = Release|Any CPU
		{923B7912-224A-4CB1-BA34-D18A9E1EAB66}.Release|Mixed Platforms.ActiveCfg = Release|Any CPU
		{923B7912-224A-4CB1-BA34-D18A9E1EAB66}.Release|Mixed Platforms.Build.0 = Release|Any CPU
		{923B7912-224A-4CB1-BA34-D18A9E1EAB66}.Release|x86.ActiveCfg = Release|Any CPU
		{778A871A-CEB4-4AF1-81CC-EA532EC05067}.Debug|Any CPU.ActiveCfg = Debug|Any CPU
		{778A871A-CEB4-4AF1-81CC-EA532EC05067}.Debug|Any CPU.Build.0 = Debug|Any CPU
		{778A871A-CEB4-4AF1-81CC-EA532EC05067}.Debug|Mixed Platforms.ActiveCfg = Debug|Any CPU
		{778A871A-CEB4-4AF1-81CC-EA532EC05067}.Debug|Mixed Platforms.Build.0 = Debug|Any CPU
		{778A871A-CEB4-4AF1-81CC-EA532EC05067}.Debug|x86.ActiveCfg = Debug|Any CPU
		{778A871A-CEB4-4AF1-81CC-EA532EC05067}.Release|Any CPU.ActiveCfg = Release|Any CPU
		{778A871A-CEB4-4AF1-81CC-EA532EC05067}.Release|Any CPU.Build.0 = Release|Any CPU
		{778A871A-CEB4-4AF1-81CC-EA532EC05067}.Release|Mixed Platforms.ActiveCfg = Release|Any CPU
		{778A871A-CEB4-4AF1-81CC-EA532EC05067}.Release|Mixed Platforms.Build.0 = Release|Any CPU
		{778A871A-CEB4-4AF1-81CC-EA532EC05067}.Release|x86.ActiveCfg = Release|Any CPU
		{9B796256-E9D6-4F21-BB89-C5333A880BFE}.Debug|Any CPU.ActiveCfg = Debug|Any CPU
		{9B796256-E9D6-4F21-BB89-C5333A880BFE}.Debug|Any CPU.Build.0 = Debug|Any CPU
		{9B796256-E9D6-4F21-BB89-C5333A880BFE}.Debug|Mixed Platforms.ActiveCfg = Debug|Any CPU
		{9B796256-E9D6-4F21-BB89-C5333A880BFE}.Debug|Mixed Platforms.Build.0 = Debug|Any CPU
		{9B796256-E9D6-4F21-BB89-C5333A880BFE}.Debug|x86.ActiveCfg = Debug|Any CPU
		{9B796256-E9D6-4F21-BB89-C5333A880BFE}.Release|Any CPU.ActiveCfg = Release|Any CPU
		{9B796256-E9D6-4F21-BB89-C5333A880BFE}.Release|Any CPU.Build.0 = Release|Any CPU
		{9B796256-E9D6-4F21-BB89-C5333A880BFE}.Release|Mixed Platforms.ActiveCfg = Release|Any CPU
		{9B796256-E9D6-4F21-BB89-C5333A880BFE}.Release|Mixed Platforms.Build.0 = Release|Any CPU
		{9B796256-E9D6-4F21-BB89-C5333A880BFE}.Release|x86.ActiveCfg = Release|Any CPU
		{86D87653-EC64-4388-A5F7-2F64F690C5F5}.Debug|Any CPU.ActiveCfg = Debug|Any CPU
		{86D87653-EC64-4388-A5F7-2F64F690C5F5}.Debug|Any CPU.Build.0 = Debug|Any CPU
		{86D87653-EC64-4388-A5F7-2F64F690C5F5}.Debug|Mixed Platforms.ActiveCfg = Debug|Any CPU
		{86D87653-EC64-4388-A5F7-2F64F690C5F5}.Debug|Mixed Platforms.Build.0 = Debug|Any CPU
		{86D87653-EC64-4388-A5F7-2F64F690C5F5}.Debug|x86.ActiveCfg = Debug|Any CPU
		{86D87653-EC64-4388-A5F7-2F64F690C5F5}.Release|Any CPU.ActiveCfg = Release|Any CPU
		{86D87653-EC64-4388-A5F7-2F64F690C5F5}.Release|Any CPU.Build.0 = Release|Any CPU
		{86D87653-EC64-4388-A5F7-2F64F690C5F5}.Release|Mixed Platforms.ActiveCfg = Release|Any CPU
		{86D87653-EC64-4388-A5F7-2F64F690C5F5}.Release|Mixed Platforms.Build.0 = Release|Any CPU
		{86D87653-EC64-4388-A5F7-2F64F690C5F5}.Release|x86.ActiveCfg = Release|Any CPU
		{CF0635EB-DFA4-4E82-B245-A0F125183E08}.Debug|Any CPU.ActiveCfg = Debug|Any CPU
		{CF0635EB-DFA4-4E82-B245-A0F125183E08}.Debug|Any CPU.Build.0 = Debug|Any CPU
		{CF0635EB-DFA4-4E82-B245-A0F125183E08}.Debug|Mixed Platforms.ActiveCfg = Debug|Any CPU
		{CF0635EB-DFA4-4E82-B245-A0F125183E08}.Debug|Mixed Platforms.Build.0 = Debug|Any CPU
		{CF0635EB-DFA4-4E82-B245-A0F125183E08}.Debug|x86.ActiveCfg = Debug|Any CPU
		{CF0635EB-DFA4-4E82-B245-A0F125183E08}.Release|Any CPU.ActiveCfg = Release|Any CPU
		{CF0635EB-DFA4-4E82-B245-A0F125183E08}.Release|Any CPU.Build.0 = Release|Any CPU
		{CF0635EB-DFA4-4E82-B245-A0F125183E08}.Release|Mixed Platforms.ActiveCfg = Release|Any CPU
		{CF0635EB-DFA4-4E82-B245-A0F125183E08}.Release|Mixed Platforms.Build.0 = Release|Any CPU
		{CF0635EB-DFA4-4E82-B245-A0F125183E08}.Release|x86.ActiveCfg = Release|Any CPU
		{BD0344CC-E61E-4BC6-8782-0AC0390F48FD}.Debug|Any CPU.ActiveCfg = Debug|Any CPU
		{BD0344CC-E61E-4BC6-8782-0AC0390F48FD}.Debug|Any CPU.Build.0 = Debug|Any CPU
		{BD0344CC-E61E-4BC6-8782-0AC0390F48FD}.Debug|Mixed Platforms.ActiveCfg = Debug|Any CPU
		{BD0344CC-E61E-4BC6-8782-0AC0390F48FD}.Debug|Mixed Platforms.Build.0 = Debug|Any CPU
		{BD0344CC-E61E-4BC6-8782-0AC0390F48FD}.Debug|x86.ActiveCfg = Debug|Any CPU
		{BD0344CC-E61E-4BC6-8782-0AC0390F48FD}.Release|Any CPU.ActiveCfg = Release|Any CPU
		{BD0344CC-E61E-4BC6-8782-0AC0390F48FD}.Release|Any CPU.Build.0 = Release|Any CPU
		{BD0344CC-E61E-4BC6-8782-0AC0390F48FD}.Release|Mixed Platforms.ActiveCfg = Release|Any CPU
		{BD0344CC-E61E-4BC6-8782-0AC0390F48FD}.Release|Mixed Platforms.Build.0 = Release|Any CPU
		{BD0344CC-E61E-4BC6-8782-0AC0390F48FD}.Release|x86.ActiveCfg = Release|Any CPU
		{705805EF-47BE-48A8-A359-CA999169E445}.Debug|Any CPU.ActiveCfg = Debug|Any CPU
		{705805EF-47BE-48A8-A359-CA999169E445}.Debug|Any CPU.Build.0 = Debug|Any CPU
		{705805EF-47BE-48A8-A359-CA999169E445}.Debug|Mixed Platforms.ActiveCfg = Debug|Any CPU
		{705805EF-47BE-48A8-A359-CA999169E445}.Debug|Mixed Platforms.Build.0 = Debug|Any CPU
		{705805EF-47BE-48A8-A359-CA999169E445}.Debug|x86.ActiveCfg = Debug|Any CPU
		{705805EF-47BE-48A8-A359-CA999169E445}.Release|Any CPU.ActiveCfg = Release|Any CPU
		{705805EF-47BE-48A8-A359-CA999169E445}.Release|Any CPU.Build.0 = Release|Any CPU
		{705805EF-47BE-48A8-A359-CA999169E445}.Release|Mixed Platforms.ActiveCfg = Release|Any CPU
		{705805EF-47BE-48A8-A359-CA999169E445}.Release|Mixed Platforms.Build.0 = Release|Any CPU
		{705805EF-47BE-48A8-A359-CA999169E445}.Release|x86.ActiveCfg = Release|Any CPU
		{D01CE8F6-800E-44CC-886B-F862B10E1396}.Debug|Any CPU.ActiveCfg = Debug|Any CPU
		{D01CE8F6-800E-44CC-886B-F862B10E1396}.Debug|Any CPU.Build.0 = Debug|Any CPU
		{D01CE8F6-800E-44CC-886B-F862B10E1396}.Debug|Mixed Platforms.ActiveCfg = Debug|Any CPU
		{D01CE8F6-800E-44CC-886B-F862B10E1396}.Debug|Mixed Platforms.Build.0 = Debug|Any CPU
		{D01CE8F6-800E-44CC-886B-F862B10E1396}.Debug|x86.ActiveCfg = Debug|Any CPU
		{D01CE8F6-800E-44CC-886B-F862B10E1396}.Release|Any CPU.ActiveCfg = Release|Any CPU
		{D01CE8F6-800E-44CC-886B-F862B10E1396}.Release|Any CPU.Build.0 = Release|Any CPU
		{D01CE8F6-800E-44CC-886B-F862B10E1396}.Release|Mixed Platforms.ActiveCfg = Release|Any CPU
		{D01CE8F6-800E-44CC-886B-F862B10E1396}.Release|Mixed Platforms.Build.0 = Release|Any CPU
		{D01CE8F6-800E-44CC-886B-F862B10E1396}.Release|x86.ActiveCfg = Release|Any CPU
		{97B83914-6A1A-4EF4-AE40-F5CE4FA48FA8}.Debug|Any CPU.ActiveCfg = Debug|Any CPU
		{97B83914-6A1A-4EF4-AE40-F5CE4FA48FA8}.Debug|Any CPU.Build.0 = Debug|Any CPU
		{97B83914-6A1A-4EF4-AE40-F5CE4FA48FA8}.Debug|Mixed Platforms.ActiveCfg = Debug|Any CPU
		{97B83914-6A1A-4EF4-AE40-F5CE4FA48FA8}.Debug|Mixed Platforms.Build.0 = Debug|Any CPU
		{97B83914-6A1A-4EF4-AE40-F5CE4FA48FA8}.Debug|x86.ActiveCfg = Debug|Any CPU
		{97B83914-6A1A-4EF4-AE40-F5CE4FA48FA8}.Release|Any CPU.ActiveCfg = Release|Any CPU
		{97B83914-6A1A-4EF4-AE40-F5CE4FA48FA8}.Release|Any CPU.Build.0 = Release|Any CPU
		{97B83914-6A1A-4EF4-AE40-F5CE4FA48FA8}.Release|Mixed Platforms.ActiveCfg = Release|Any CPU
		{97B83914-6A1A-4EF4-AE40-F5CE4FA48FA8}.Release|Mixed Platforms.Build.0 = Release|Any CPU
		{97B83914-6A1A-4EF4-AE40-F5CE4FA48FA8}.Release|x86.ActiveCfg = Release|Any CPU
		{5EF85227-BF8E-4A19-8496-2A3BB500E27C}.Debug|Any CPU.ActiveCfg = Debug|Any CPU
		{5EF85227-BF8E-4A19-8496-2A3BB500E27C}.Debug|Any CPU.Build.0 = Debug|Any CPU
		{5EF85227-BF8E-4A19-8496-2A3BB500E27C}.Debug|Mixed Platforms.ActiveCfg = Debug|Any CPU
		{5EF85227-BF8E-4A19-8496-2A3BB500E27C}.Debug|Mixed Platforms.Build.0 = Debug|Any CPU
		{5EF85227-BF8E-4A19-8496-2A3BB500E27C}.Debug|x86.ActiveCfg = Debug|Any CPU
		{5EF85227-BF8E-4A19-8496-2A3BB500E27C}.Release|Any CPU.ActiveCfg = Release|Any CPU
		{5EF85227-BF8E-4A19-8496-2A3BB500E27C}.Release|Any CPU.Build.0 = Release|Any CPU
		{5EF85227-BF8E-4A19-8496-2A3BB500E27C}.Release|Mixed Platforms.ActiveCfg = Release|Any CPU
		{5EF85227-BF8E-4A19-8496-2A3BB500E27C}.Release|Mixed Platforms.Build.0 = Release|Any CPU
		{5EF85227-BF8E-4A19-8496-2A3BB500E27C}.Release|x86.ActiveCfg = Release|Any CPU
		{B233A995-93BA-4B6F-8227-EF2A57C750BD}.Debug|Any CPU.ActiveCfg = Debug|Any CPU
		{B233A995-93BA-4B6F-8227-EF2A57C750BD}.Debug|Any CPU.Build.0 = Debug|Any CPU
		{B233A995-93BA-4B6F-8227-EF2A57C750BD}.Debug|Mixed Platforms.ActiveCfg = Debug|Any CPU
		{B233A995-93BA-4B6F-8227-EF2A57C750BD}.Debug|Mixed Platforms.Build.0 = Debug|Any CPU
		{B233A995-93BA-4B6F-8227-EF2A57C750BD}.Debug|x86.ActiveCfg = Debug|Any CPU
		{B233A995-93BA-4B6F-8227-EF2A57C750BD}.Release|Any CPU.ActiveCfg = Release|Any CPU
		{B233A995-93BA-4B6F-8227-EF2A57C750BD}.Release|Any CPU.Build.0 = Release|Any CPU
		{B233A995-93BA-4B6F-8227-EF2A57C750BD}.Release|Mixed Platforms.ActiveCfg = Release|Any CPU
		{B233A995-93BA-4B6F-8227-EF2A57C750BD}.Release|Mixed Platforms.Build.0 = Release|Any CPU
		{B233A995-93BA-4B6F-8227-EF2A57C750BD}.Release|x86.ActiveCfg = Release|Any CPU
		{5088657E-AC3F-4081-B0B8-ACFBBD6BFA28}.Debug|Any CPU.ActiveCfg = Debug|Any CPU
		{5088657E-AC3F-4081-B0B8-ACFBBD6BFA28}.Debug|Any CPU.Build.0 = Debug|Any CPU
		{5088657E-AC3F-4081-B0B8-ACFBBD6BFA28}.Debug|Mixed Platforms.ActiveCfg = Debug|Any CPU
		{5088657E-AC3F-4081-B0B8-ACFBBD6BFA28}.Debug|Mixed Platforms.Build.0 = Debug|Any CPU
		{5088657E-AC3F-4081-B0B8-ACFBBD6BFA28}.Debug|x86.ActiveCfg = Debug|Any CPU
		{5088657E-AC3F-4081-B0B8-ACFBBD6BFA28}.Release|Any CPU.ActiveCfg = Release|Any CPU
		{5088657E-AC3F-4081-B0B8-ACFBBD6BFA28}.Release|Any CPU.Build.0 = Release|Any CPU
		{5088657E-AC3F-4081-B0B8-ACFBBD6BFA28}.Release|Mixed Platforms.ActiveCfg = Release|Any CPU
		{5088657E-AC3F-4081-B0B8-ACFBBD6BFA28}.Release|Mixed Platforms.Build.0 = Release|Any CPU
		{5088657E-AC3F-4081-B0B8-ACFBBD6BFA28}.Release|x86.ActiveCfg = Release|Any CPU
		{E55F2D87-CBA5-48CE-AF6E-FBF069084BAF}.Debug|Any CPU.ActiveCfg = Debug|Any CPU
		{E55F2D87-CBA5-48CE-AF6E-FBF069084BAF}.Debug|Any CPU.Build.0 = Debug|Any CPU
		{E55F2D87-CBA5-48CE-AF6E-FBF069084BAF}.Debug|Mixed Platforms.ActiveCfg = Debug|Any CPU
		{E55F2D87-CBA5-48CE-AF6E-FBF069084BAF}.Debug|Mixed Platforms.Build.0 = Debug|Any CPU
		{E55F2D87-CBA5-48CE-AF6E-FBF069084BAF}.Debug|x86.ActiveCfg = Debug|Any CPU
		{E55F2D87-CBA5-48CE-AF6E-FBF069084BAF}.Release|Any CPU.ActiveCfg = Release|Any CPU
		{E55F2D87-CBA5-48CE-AF6E-FBF069084BAF}.Release|Any CPU.Build.0 = Release|Any CPU
		{E55F2D87-CBA5-48CE-AF6E-FBF069084BAF}.Release|Mixed Platforms.ActiveCfg = Release|Any CPU
		{E55F2D87-CBA5-48CE-AF6E-FBF069084BAF}.Release|Mixed Platforms.Build.0 = Release|Any CPU
		{E55F2D87-CBA5-48CE-AF6E-FBF069084BAF}.Release|x86.ActiveCfg = Release|Any CPU
		{ECE2E2E8-648C-4561-82A0-9A1D6A2D4645}.Debug|Any CPU.ActiveCfg = Debug|Any CPU
		{ECE2E2E8-648C-4561-82A0-9A1D6A2D4645}.Debug|Any CPU.Build.0 = Debug|Any CPU
		{ECE2E2E8-648C-4561-82A0-9A1D6A2D4645}.Debug|Mixed Platforms.ActiveCfg = Debug|Any CPU
		{ECE2E2E8-648C-4561-82A0-9A1D6A2D4645}.Debug|Mixed Platforms.Build.0 = Debug|Any CPU
		{ECE2E2E8-648C-4561-82A0-9A1D6A2D4645}.Debug|x86.ActiveCfg = Debug|Any CPU
		{ECE2E2E8-648C-4561-82A0-9A1D6A2D4645}.Release|Any CPU.ActiveCfg = Release|Any CPU
		{ECE2E2E8-648C-4561-82A0-9A1D6A2D4645}.Release|Any CPU.Build.0 = Release|Any CPU
		{ECE2E2E8-648C-4561-82A0-9A1D6A2D4645}.Release|Mixed Platforms.ActiveCfg = Release|Any CPU
		{ECE2E2E8-648C-4561-82A0-9A1D6A2D4645}.Release|Mixed Platforms.Build.0 = Release|Any CPU
		{ECE2E2E8-648C-4561-82A0-9A1D6A2D4645}.Release|x86.ActiveCfg = Release|Any CPU
		{7A3419B2-588C-416B-A9F3-BFAE77C22D77}.Debug|Any CPU.ActiveCfg = Debug|Any CPU
		{7A3419B2-588C-416B-A9F3-BFAE77C22D77}.Debug|Any CPU.Build.0 = Debug|Any CPU
		{7A3419B2-588C-416B-A9F3-BFAE77C22D77}.Debug|Mixed Platforms.ActiveCfg = Debug|Any CPU
		{7A3419B2-588C-416B-A9F3-BFAE77C22D77}.Debug|Mixed Platforms.Build.0 = Debug|Any CPU
		{7A3419B2-588C-416B-A9F3-BFAE77C22D77}.Debug|x86.ActiveCfg = Debug|Any CPU
		{7A3419B2-588C-416B-A9F3-BFAE77C22D77}.Release|Any CPU.ActiveCfg = Release|Any CPU
		{7A3419B2-588C-416B-A9F3-BFAE77C22D77}.Release|Any CPU.Build.0 = Release|Any CPU
		{7A3419B2-588C-416B-A9F3-BFAE77C22D77}.Release|Mixed Platforms.ActiveCfg = Release|Any CPU
		{7A3419B2-588C-416B-A9F3-BFAE77C22D77}.Release|Mixed Platforms.Build.0 = Release|Any CPU
		{7A3419B2-588C-416B-A9F3-BFAE77C22D77}.Release|x86.ActiveCfg = Release|Any CPU
		{2489CF5D-6CEE-44C7-825D-521383275DB7}.Debug|Any CPU.ActiveCfg = Debug|Any CPU
		{2489CF5D-6CEE-44C7-825D-521383275DB7}.Debug|Any CPU.Build.0 = Debug|Any CPU
		{2489CF5D-6CEE-44C7-825D-521383275DB7}.Debug|Mixed Platforms.ActiveCfg = Debug|Any CPU
		{2489CF5D-6CEE-44C7-825D-521383275DB7}.Debug|Mixed Platforms.Build.0 = Debug|Any CPU
		{2489CF5D-6CEE-44C7-825D-521383275DB7}.Debug|x86.ActiveCfg = Debug|Any CPU
		{2489CF5D-6CEE-44C7-825D-521383275DB7}.Release|Any CPU.ActiveCfg = Release|Any CPU
		{2489CF5D-6CEE-44C7-825D-521383275DB7}.Release|Any CPU.Build.0 = Release|Any CPU
		{2489CF5D-6CEE-44C7-825D-521383275DB7}.Release|Mixed Platforms.ActiveCfg = Release|Any CPU
		{2489CF5D-6CEE-44C7-825D-521383275DB7}.Release|Mixed Platforms.Build.0 = Release|Any CPU
		{2489CF5D-6CEE-44C7-825D-521383275DB7}.Release|x86.ActiveCfg = Release|Any CPU
		{CAF2E548-87C8-422B-A62C-8C3ED83FF3C3}.Debug|Any CPU.ActiveCfg = Debug|Any CPU
		{CAF2E548-87C8-422B-A62C-8C3ED83FF3C3}.Debug|Any CPU.Build.0 = Debug|Any CPU
		{CAF2E548-87C8-422B-A62C-8C3ED83FF3C3}.Debug|Mixed Platforms.ActiveCfg = Debug|Any CPU
		{CAF2E548-87C8-422B-A62C-8C3ED83FF3C3}.Debug|Mixed Platforms.Build.0 = Debug|Any CPU
		{CAF2E548-87C8-422B-A62C-8C3ED83FF3C3}.Debug|x86.ActiveCfg = Debug|Any CPU
		{CAF2E548-87C8-422B-A62C-8C3ED83FF3C3}.Release|Any CPU.ActiveCfg = Release|Any CPU
		{CAF2E548-87C8-422B-A62C-8C3ED83FF3C3}.Release|Any CPU.Build.0 = Release|Any CPU
		{CAF2E548-87C8-422B-A62C-8C3ED83FF3C3}.Release|Mixed Platforms.ActiveCfg = Release|Any CPU
		{CAF2E548-87C8-422B-A62C-8C3ED83FF3C3}.Release|Mixed Platforms.Build.0 = Release|Any CPU
		{CAF2E548-87C8-422B-A62C-8C3ED83FF3C3}.Release|x86.ActiveCfg = Release|Any CPU
		{9CBAEAFE-9265-47BA-82C5-5E0774CBF2C5}.Debug|Any CPU.ActiveCfg = Debug|Any CPU
		{9CBAEAFE-9265-47BA-82C5-5E0774CBF2C5}.Debug|Any CPU.Build.0 = Debug|Any CPU
		{9CBAEAFE-9265-47BA-82C5-5E0774CBF2C5}.Debug|Mixed Platforms.ActiveCfg = Debug|Any CPU
		{9CBAEAFE-9265-47BA-82C5-5E0774CBF2C5}.Debug|Mixed Platforms.Build.0 = Debug|Any CPU
		{9CBAEAFE-9265-47BA-82C5-5E0774CBF2C5}.Debug|x86.ActiveCfg = Debug|Any CPU
		{9CBAEAFE-9265-47BA-82C5-5E0774CBF2C5}.Release|Any CPU.ActiveCfg = Release|Any CPU
		{9CBAEAFE-9265-47BA-82C5-5E0774CBF2C5}.Release|Any CPU.Build.0 = Release|Any CPU
		{9CBAEAFE-9265-47BA-82C5-5E0774CBF2C5}.Release|Mixed Platforms.ActiveCfg = Release|Any CPU
		{9CBAEAFE-9265-47BA-82C5-5E0774CBF2C5}.Release|x86.ActiveCfg = Release|Any CPU
		{DC0FB020-79D9-497E-8869-9508FCFA6537}.Debug|Any CPU.ActiveCfg = Debug|x86
		{DC0FB020-79D9-497E-8869-9508FCFA6537}.Debug|Mixed Platforms.ActiveCfg = Debug|x86
		{DC0FB020-79D9-497E-8869-9508FCFA6537}.Debug|Mixed Platforms.Build.0 = Debug|x86
		{DC0FB020-79D9-497E-8869-9508FCFA6537}.Debug|x86.ActiveCfg = Debug|x86
		{DC0FB020-79D9-497E-8869-9508FCFA6537}.Debug|x86.Build.0 = Debug|x86
		{DC0FB020-79D9-497E-8869-9508FCFA6537}.Release|Any CPU.ActiveCfg = Release|x86
		{DC0FB020-79D9-497E-8869-9508FCFA6537}.Release|Mixed Platforms.ActiveCfg = Release|x86
		{DC0FB020-79D9-497E-8869-9508FCFA6537}.Release|Mixed Platforms.Build.0 = Release|x86
		{DC0FB020-79D9-497E-8869-9508FCFA6537}.Release|x86.ActiveCfg = Release|x86
		{DC0FB020-79D9-497E-8869-9508FCFA6537}.Release|x86.Build.0 = Release|x86
		{76062319-4F5D-4055-9D1A-5680DD2DA882}.Debug|Any CPU.ActiveCfg = Debug|Any CPU
		{76062319-4F5D-4055-9D1A-5680DD2DA882}.Debug|Any CPU.Build.0 = Debug|Any CPU
		{76062319-4F5D-4055-9D1A-5680DD2DA882}.Debug|Mixed Platforms.ActiveCfg = Debug|Any CPU
		{76062319-4F5D-4055-9D1A-5680DD2DA882}.Debug|Mixed Platforms.Build.0 = Debug|Any CPU
		{76062319-4F5D-4055-9D1A-5680DD2DA882}.Debug|x86.ActiveCfg = Debug|Any CPU
		{76062319-4F5D-4055-9D1A-5680DD2DA882}.Release|Any CPU.ActiveCfg = Release|Any CPU
		{76062319-4F5D-4055-9D1A-5680DD2DA882}.Release|Any CPU.Build.0 = Release|Any CPU
		{76062319-4F5D-4055-9D1A-5680DD2DA882}.Release|Mixed Platforms.ActiveCfg = Release|Any CPU
		{76062319-4F5D-4055-9D1A-5680DD2DA882}.Release|x86.ActiveCfg = Release|Any CPU
		{EE6E54C8-D108-49E7-9E2A-6BAEF6D5339F}.Debug|Any CPU.ActiveCfg = Debug|Any CPU
		{EE6E54C8-D108-49E7-9E2A-6BAEF6D5339F}.Debug|Any CPU.Build.0 = Debug|Any CPU
		{EE6E54C8-D108-49E7-9E2A-6BAEF6D5339F}.Debug|Mixed Platforms.ActiveCfg = Debug|Any CPU
		{EE6E54C8-D108-49E7-9E2A-6BAEF6D5339F}.Debug|Mixed Platforms.Build.0 = Debug|Any CPU
		{EE6E54C8-D108-49E7-9E2A-6BAEF6D5339F}.Debug|x86.ActiveCfg = Debug|Any CPU
		{EE6E54C8-D108-49E7-9E2A-6BAEF6D5339F}.Release|Any CPU.ActiveCfg = Release|Any CPU
		{EE6E54C8-D108-49E7-9E2A-6BAEF6D5339F}.Release|Any CPU.Build.0 = Release|Any CPU
		{EE6E54C8-D108-49E7-9E2A-6BAEF6D5339F}.Release|Mixed Platforms.ActiveCfg = Release|Any CPU
		{EE6E54C8-D108-49E7-9E2A-6BAEF6D5339F}.Release|Mixed Platforms.Build.0 = Release|Any CPU
		{EE6E54C8-D108-49E7-9E2A-6BAEF6D5339F}.Release|x86.ActiveCfg = Release|Any CPU
		{B8B5FD78-06BE-4BC0-8A0A-7C63C3FEB63C}.Debug|Any CPU.ActiveCfg = Debug|Any CPU
		{B8B5FD78-06BE-4BC0-8A0A-7C63C3FEB63C}.Debug|Any CPU.Build.0 = Debug|Any CPU
		{B8B5FD78-06BE-4BC0-8A0A-7C63C3FEB63C}.Debug|Mixed Platforms.ActiveCfg = Debug|Any CPU
		{B8B5FD78-06BE-4BC0-8A0A-7C63C3FEB63C}.Debug|Mixed Platforms.Build.0 = Debug|Any CPU
		{B8B5FD78-06BE-4BC0-8A0A-7C63C3FEB63C}.Debug|x86.ActiveCfg = Debug|Any CPU
		{B8B5FD78-06BE-4BC0-8A0A-7C63C3FEB63C}.Release|Any CPU.ActiveCfg = Release|Any CPU
		{B8B5FD78-06BE-4BC0-8A0A-7C63C3FEB63C}.Release|Any CPU.Build.0 = Release|Any CPU
		{B8B5FD78-06BE-4BC0-8A0A-7C63C3FEB63C}.Release|Mixed Platforms.ActiveCfg = Release|Any CPU
		{B8B5FD78-06BE-4BC0-8A0A-7C63C3FEB63C}.Release|Mixed Platforms.Build.0 = Release|Any CPU
		{B8B5FD78-06BE-4BC0-8A0A-7C63C3FEB63C}.Release|x86.ActiveCfg = Release|Any CPU
		{DCA6E39A-8D6B-4531-ACA7-33D790D27878}.Debug|Any CPU.ActiveCfg = Debug|Any CPU
		{DCA6E39A-8D6B-4531-ACA7-33D790D27878}.Debug|Any CPU.Build.0 = Debug|Any CPU
		{DCA6E39A-8D6B-4531-ACA7-33D790D27878}.Debug|Mixed Platforms.ActiveCfg = Debug|Any CPU
		{DCA6E39A-8D6B-4531-ACA7-33D790D27878}.Debug|Mixed Platforms.Build.0 = Debug|Any CPU
		{DCA6E39A-8D6B-4531-ACA7-33D790D27878}.Debug|x86.ActiveCfg = Debug|Any CPU
		{DCA6E39A-8D6B-4531-ACA7-33D790D27878}.Release|Any CPU.ActiveCfg = Release|Any CPU
		{DCA6E39A-8D6B-4531-ACA7-33D790D27878}.Release|Any CPU.Build.0 = Release|Any CPU
		{DCA6E39A-8D6B-4531-ACA7-33D790D27878}.Release|Mixed Platforms.ActiveCfg = Release|Any CPU
		{DCA6E39A-8D6B-4531-ACA7-33D790D27878}.Release|Mixed Platforms.Build.0 = Release|Any CPU
		{DCA6E39A-8D6B-4531-ACA7-33D790D27878}.Release|x86.ActiveCfg = Release|Any CPU
		{7C4B1AD0-C354-47D1-A9AB-793AE2AD52A2}.Debug|Any CPU.ActiveCfg = Debug|Any CPU
		{7C4B1AD0-C354-47D1-A9AB-793AE2AD52A2}.Debug|Any CPU.Build.0 = Debug|Any CPU
		{7C4B1AD0-C354-47D1-A9AB-793AE2AD52A2}.Debug|Mixed Platforms.ActiveCfg = Debug|Any CPU
		{7C4B1AD0-C354-47D1-A9AB-793AE2AD52A2}.Debug|Mixed Platforms.Build.0 = Debug|Any CPU
		{7C4B1AD0-C354-47D1-A9AB-793AE2AD52A2}.Debug|x86.ActiveCfg = Debug|Any CPU
		{7C4B1AD0-C354-47D1-A9AB-793AE2AD52A2}.Release|Any CPU.ActiveCfg = Release|Any CPU
		{7C4B1AD0-C354-47D1-A9AB-793AE2AD52A2}.Release|Any CPU.Build.0 = Release|Any CPU
		{7C4B1AD0-C354-47D1-A9AB-793AE2AD52A2}.Release|Mixed Platforms.ActiveCfg = Release|Any CPU
		{7C4B1AD0-C354-47D1-A9AB-793AE2AD52A2}.Release|Mixed Platforms.Build.0 = Release|Any CPU
		{7C4B1AD0-C354-47D1-A9AB-793AE2AD52A2}.Release|x86.ActiveCfg = Release|Any CPU
		{B43AEA6E-59C2-4731-91EA-40C36CEE8360}.Debug|Any CPU.ActiveCfg = Debug|x86
		{B43AEA6E-59C2-4731-91EA-40C36CEE8360}.Debug|Mixed Platforms.ActiveCfg = Debug|x86
		{B43AEA6E-59C2-4731-91EA-40C36CEE8360}.Debug|Mixed Platforms.Build.0 = Debug|x86
		{B43AEA6E-59C2-4731-91EA-40C36CEE8360}.Debug|x86.ActiveCfg = Debug|x86
		{B43AEA6E-59C2-4731-91EA-40C36CEE8360}.Debug|x86.Build.0 = Debug|x86
		{B43AEA6E-59C2-4731-91EA-40C36CEE8360}.Release|Any CPU.ActiveCfg = Release|x86
		{B43AEA6E-59C2-4731-91EA-40C36CEE8360}.Release|Mixed Platforms.ActiveCfg = Release|x86
		{B43AEA6E-59C2-4731-91EA-40C36CEE8360}.Release|Mixed Platforms.Build.0 = Release|x86
		{B43AEA6E-59C2-4731-91EA-40C36CEE8360}.Release|x86.ActiveCfg = Release|x86
		{B43AEA6E-59C2-4731-91EA-40C36CEE8360}.Release|x86.Build.0 = Release|x86
		{D300CE86-E8DF-4E9A-9FEB-A2355661A9F2}.Debug|Any CPU.ActiveCfg = Debug|Any CPU
		{D300CE86-E8DF-4E9A-9FEB-A2355661A9F2}.Debug|Any CPU.Build.0 = Debug|Any CPU
		{D300CE86-E8DF-4E9A-9FEB-A2355661A9F2}.Debug|Mixed Platforms.ActiveCfg = Debug|Any CPU
		{D300CE86-E8DF-4E9A-9FEB-A2355661A9F2}.Debug|Mixed Platforms.Build.0 = Debug|Any CPU
		{D300CE86-E8DF-4E9A-9FEB-A2355661A9F2}.Debug|x86.ActiveCfg = Debug|Any CPU
		{D300CE86-E8DF-4E9A-9FEB-A2355661A9F2}.Release|Any CPU.ActiveCfg = Release|Any CPU
		{D300CE86-E8DF-4E9A-9FEB-A2355661A9F2}.Release|Any CPU.Build.0 = Release|Any CPU
		{D300CE86-E8DF-4E9A-9FEB-A2355661A9F2}.Release|Mixed Platforms.ActiveCfg = Release|Any CPU
		{D300CE86-E8DF-4E9A-9FEB-A2355661A9F2}.Release|Mixed Platforms.Build.0 = Release|Any CPU
		{D300CE86-E8DF-4E9A-9FEB-A2355661A9F2}.Release|x86.ActiveCfg = Release|Any CPU
		{A2ADE0B3-D3C0-4D6B-8701-C0F5E509A69A}.Debug|Any CPU.ActiveCfg = Debug|Any CPU
		{A2ADE0B3-D3C0-4D6B-8701-C0F5E509A69A}.Debug|Any CPU.Build.0 = Debug|Any CPU
		{A2ADE0B3-D3C0-4D6B-8701-C0F5E509A69A}.Debug|Mixed Platforms.ActiveCfg = Debug|Any CPU
		{A2ADE0B3-D3C0-4D6B-8701-C0F5E509A69A}.Debug|Mixed Platforms.Build.0 = Debug|Any CPU
		{A2ADE0B3-D3C0-4D6B-8701-C0F5E509A69A}.Debug|x86.ActiveCfg = Debug|Any CPU
		{A2ADE0B3-D3C0-4D6B-8701-C0F5E509A69A}.Release|Any CPU.ActiveCfg = Release|Any CPU
		{A2ADE0B3-D3C0-4D6B-8701-C0F5E509A69A}.Release|Any CPU.Build.0 = Release|Any CPU
		{A2ADE0B3-D3C0-4D6B-8701-C0F5E509A69A}.Release|Mixed Platforms.ActiveCfg = Release|Any CPU
		{A2ADE0B3-D3C0-4D6B-8701-C0F5E509A69A}.Release|Mixed Platforms.Build.0 = Release|Any CPU
		{A2ADE0B3-D3C0-4D6B-8701-C0F5E509A69A}.Release|x86.ActiveCfg = Release|Any CPU
		{6535AFF3-E730-4916-9CF6-1186F3C1DAFE}.Debug|Any CPU.ActiveCfg = Debug|Any CPU
		{6535AFF3-E730-4916-9CF6-1186F3C1DAFE}.Debug|Any CPU.Build.0 = Debug|Any CPU
		{6535AFF3-E730-4916-9CF6-1186F3C1DAFE}.Debug|Mixed Platforms.ActiveCfg = Debug|Any CPU
		{6535AFF3-E730-4916-9CF6-1186F3C1DAFE}.Debug|Mixed Platforms.Build.0 = Debug|Any CPU
		{6535AFF3-E730-4916-9CF6-1186F3C1DAFE}.Debug|x86.ActiveCfg = Debug|Any CPU
		{6535AFF3-E730-4916-9CF6-1186F3C1DAFE}.Release|Any CPU.ActiveCfg = Release|Any CPU
		{6535AFF3-E730-4916-9CF6-1186F3C1DAFE}.Release|Any CPU.Build.0 = Release|Any CPU
		{6535AFF3-E730-4916-9CF6-1186F3C1DAFE}.Release|Mixed Platforms.ActiveCfg = Release|Any CPU
		{6535AFF3-E730-4916-9CF6-1186F3C1DAFE}.Release|Mixed Platforms.Build.0 = Release|Any CPU
		{6535AFF3-E730-4916-9CF6-1186F3C1DAFE}.Release|x86.ActiveCfg = Release|Any CPU
		{693DEFC5-355C-4F62-B424-3119046B5F6D}.Debug|Any CPU.ActiveCfg = Debug|Any CPU
		{693DEFC5-355C-4F62-B424-3119046B5F6D}.Debug|Any CPU.Build.0 = Debug|Any CPU
		{693DEFC5-355C-4F62-B424-3119046B5F6D}.Debug|Mixed Platforms.ActiveCfg = Debug|Any CPU
		{693DEFC5-355C-4F62-B424-3119046B5F6D}.Debug|Mixed Platforms.Build.0 = Debug|Any CPU
		{693DEFC5-355C-4F62-B424-3119046B5F6D}.Debug|x86.ActiveCfg = Debug|Any CPU
		{693DEFC5-355C-4F62-B424-3119046B5F6D}.Release|Any CPU.ActiveCfg = Release|Any CPU
		{693DEFC5-355C-4F62-B424-3119046B5F6D}.Release|Any CPU.Build.0 = Release|Any CPU
		{693DEFC5-355C-4F62-B424-3119046B5F6D}.Release|Mixed Platforms.ActiveCfg = Release|Any CPU
		{693DEFC5-355C-4F62-B424-3119046B5F6D}.Release|Mixed Platforms.Build.0 = Release|Any CPU
		{693DEFC5-355C-4F62-B424-3119046B5F6D}.Release|x86.ActiveCfg = Release|Any CPU
		{E7EF81C1-4896-446D-B761-3BDA111E09D1}.Debug|Any CPU.ActiveCfg = Debug|Any CPU
		{E7EF81C1-4896-446D-B761-3BDA111E09D1}.Debug|Any CPU.Build.0 = Debug|Any CPU
		{E7EF81C1-4896-446D-B761-3BDA111E09D1}.Debug|Mixed Platforms.ActiveCfg = Debug|Any CPU
		{E7EF81C1-4896-446D-B761-3BDA111E09D1}.Debug|Mixed Platforms.Build.0 = Debug|Any CPU
		{E7EF81C1-4896-446D-B761-3BDA111E09D1}.Debug|x86.ActiveCfg = Debug|Any CPU
		{E7EF81C1-4896-446D-B761-3BDA111E09D1}.Release|Any CPU.ActiveCfg = Release|Any CPU
		{E7EF81C1-4896-446D-B761-3BDA111E09D1}.Release|Any CPU.Build.0 = Release|Any CPU
		{E7EF81C1-4896-446D-B761-3BDA111E09D1}.Release|Mixed Platforms.ActiveCfg = Release|Any CPU
		{E7EF81C1-4896-446D-B761-3BDA111E09D1}.Release|Mixed Platforms.Build.0 = Release|Any CPU
		{E7EF81C1-4896-446D-B761-3BDA111E09D1}.Release|x86.ActiveCfg = Release|Any CPU
		{7F74C778-717A-4395-BA6B-14335E6C9753}.Debug|Any CPU.ActiveCfg = Debug|Any CPU
		{7F74C778-717A-4395-BA6B-14335E6C9753}.Debug|Any CPU.Build.0 = Debug|Any CPU
		{7F74C778-717A-4395-BA6B-14335E6C9753}.Debug|Mixed Platforms.ActiveCfg = Debug|Any CPU
		{7F74C778-717A-4395-BA6B-14335E6C9753}.Debug|Mixed Platforms.Build.0 = Debug|Any CPU
		{7F74C778-717A-4395-BA6B-14335E6C9753}.Debug|x86.ActiveCfg = Debug|Any CPU
		{7F74C778-717A-4395-BA6B-14335E6C9753}.Release|Any CPU.ActiveCfg = Release|Any CPU
		{7F74C778-717A-4395-BA6B-14335E6C9753}.Release|Any CPU.Build.0 = Release|Any CPU
		{7F74C778-717A-4395-BA6B-14335E6C9753}.Release|Mixed Platforms.ActiveCfg = Release|Any CPU
		{7F74C778-717A-4395-BA6B-14335E6C9753}.Release|Mixed Platforms.Build.0 = Release|Any CPU
		{7F74C778-717A-4395-BA6B-14335E6C9753}.Release|x86.ActiveCfg = Release|Any CPU
		{73EFEBCC-4B62-470B-A27B-D846359FF600}.Debug|Any CPU.ActiveCfg = Debug|Any CPU
		{73EFEBCC-4B62-470B-A27B-D846359FF600}.Debug|Any CPU.Build.0 = Debug|Any CPU
		{73EFEBCC-4B62-470B-A27B-D846359FF600}.Debug|Mixed Platforms.ActiveCfg = Debug|Any CPU
		{73EFEBCC-4B62-470B-A27B-D846359FF600}.Debug|Mixed Platforms.Build.0 = Debug|Any CPU
		{73EFEBCC-4B62-470B-A27B-D846359FF600}.Debug|x86.ActiveCfg = Debug|Any CPU
		{73EFEBCC-4B62-470B-A27B-D846359FF600}.Release|Any CPU.ActiveCfg = Release|Any CPU
		{73EFEBCC-4B62-470B-A27B-D846359FF600}.Release|Any CPU.Build.0 = Release|Any CPU
		{73EFEBCC-4B62-470B-A27B-D846359FF600}.Release|Mixed Platforms.ActiveCfg = Release|Any CPU
		{73EFEBCC-4B62-470B-A27B-D846359FF600}.Release|Mixed Platforms.Build.0 = Release|Any CPU
		{73EFEBCC-4B62-470B-A27B-D846359FF600}.Release|x86.ActiveCfg = Release|Any CPU
		{1F4B376F-D08C-4C8B-AB6E-16F70173FBB5}.Debug|Any CPU.ActiveCfg = Debug|Any CPU
		{1F4B376F-D08C-4C8B-AB6E-16F70173FBB5}.Debug|Any CPU.Build.0 = Debug|Any CPU
		{1F4B376F-D08C-4C8B-AB6E-16F70173FBB5}.Debug|Mixed Platforms.ActiveCfg = Debug|Any CPU
		{1F4B376F-D08C-4C8B-AB6E-16F70173FBB5}.Debug|Mixed Platforms.Build.0 = Debug|Any CPU
		{1F4B376F-D08C-4C8B-AB6E-16F70173FBB5}.Debug|x86.ActiveCfg = Debug|Any CPU
		{1F4B376F-D08C-4C8B-AB6E-16F70173FBB5}.Release|Any CPU.ActiveCfg = Release|Any CPU
		{1F4B376F-D08C-4C8B-AB6E-16F70173FBB5}.Release|Any CPU.Build.0 = Release|Any CPU
		{1F4B376F-D08C-4C8B-AB6E-16F70173FBB5}.Release|Mixed Platforms.ActiveCfg = Release|Any CPU
		{1F4B376F-D08C-4C8B-AB6E-16F70173FBB5}.Release|Mixed Platforms.Build.0 = Release|Any CPU
		{1F4B376F-D08C-4C8B-AB6E-16F70173FBB5}.Release|x86.ActiveCfg = Release|Any CPU
		{6F1765AB-F3DD-40C0-8D80-C1E1A20173E3}.Debug|Any CPU.ActiveCfg = Debug|Any CPU
		{6F1765AB-F3DD-40C0-8D80-C1E1A20173E3}.Debug|Any CPU.Build.0 = Debug|Any CPU
		{6F1765AB-F3DD-40C0-8D80-C1E1A20173E3}.Debug|Mixed Platforms.ActiveCfg = Debug|Any CPU
		{6F1765AB-F3DD-40C0-8D80-C1E1A20173E3}.Debug|Mixed Platforms.Build.0 = Debug|Any CPU
		{6F1765AB-F3DD-40C0-8D80-C1E1A20173E3}.Debug|x86.ActiveCfg = Debug|Any CPU
		{6F1765AB-F3DD-40C0-8D80-C1E1A20173E3}.Release|Any CPU.ActiveCfg = Release|Any CPU
		{6F1765AB-F3DD-40C0-8D80-C1E1A20173E3}.Release|Any CPU.Build.0 = Release|Any CPU
		{6F1765AB-F3DD-40C0-8D80-C1E1A20173E3}.Release|Mixed Platforms.ActiveCfg = Release|Any CPU
		{6F1765AB-F3DD-40C0-8D80-C1E1A20173E3}.Release|Mixed Platforms.Build.0 = Release|Any CPU
		{6F1765AB-F3DD-40C0-8D80-C1E1A20173E3}.Release|x86.ActiveCfg = Release|Any CPU
		{618E1C0F-E6B7-4C51-961D-C4ACE60CFC85}.Debug|Any CPU.ActiveCfg = Debug|Any CPU
		{618E1C0F-E6B7-4C51-961D-C4ACE60CFC85}.Debug|Any CPU.Build.0 = Debug|Any CPU
		{618E1C0F-E6B7-4C51-961D-C4ACE60CFC85}.Debug|Mixed Platforms.ActiveCfg = Debug|Any CPU
		{618E1C0F-E6B7-4C51-961D-C4ACE60CFC85}.Debug|Mixed Platforms.Build.0 = Debug|Any CPU
		{618E1C0F-E6B7-4C51-961D-C4ACE60CFC85}.Debug|x86.ActiveCfg = Debug|Any CPU
		{618E1C0F-E6B7-4C51-961D-C4ACE60CFC85}.Release|Any CPU.ActiveCfg = Release|Any CPU
		{618E1C0F-E6B7-4C51-961D-C4ACE60CFC85}.Release|Any CPU.Build.0 = Release|Any CPU
		{618E1C0F-E6B7-4C51-961D-C4ACE60CFC85}.Release|Mixed Platforms.ActiveCfg = Release|Any CPU
		{618E1C0F-E6B7-4C51-961D-C4ACE60CFC85}.Release|Mixed Platforms.Build.0 = Release|Any CPU
		{618E1C0F-E6B7-4C51-961D-C4ACE60CFC85}.Release|x86.ActiveCfg = Release|Any CPU
		{85073A89-CC13-44E2-B8C2-FB0B638B60F7}.Debug|Any CPU.ActiveCfg = Debug|Any CPU
		{85073A89-CC13-44E2-B8C2-FB0B638B60F7}.Debug|Any CPU.Build.0 = Debug|Any CPU
		{85073A89-CC13-44E2-B8C2-FB0B638B60F7}.Debug|Mixed Platforms.ActiveCfg = Debug|Any CPU
		{85073A89-CC13-44E2-B8C2-FB0B638B60F7}.Debug|Mixed Platforms.Build.0 = Debug|Any CPU
		{85073A89-CC13-44E2-B8C2-FB0B638B60F7}.Debug|x86.ActiveCfg = Debug|Any CPU
		{85073A89-CC13-44E2-B8C2-FB0B638B60F7}.Release|Any CPU.ActiveCfg = Release|Any CPU
		{85073A89-CC13-44E2-B8C2-FB0B638B60F7}.Release|Any CPU.Build.0 = Release|Any CPU
		{85073A89-CC13-44E2-B8C2-FB0B638B60F7}.Release|Mixed Platforms.ActiveCfg = Release|Any CPU
		{85073A89-CC13-44E2-B8C2-FB0B638B60F7}.Release|Mixed Platforms.Build.0 = Release|Any CPU
		{85073A89-CC13-44E2-B8C2-FB0B638B60F7}.Release|x86.ActiveCfg = Release|Any CPU
	EndGlobalSection
	GlobalSection(SolutionProperties) = preSolution
		HideSolutionNode = FALSE
	EndGlobalSection
	GlobalSection(NestedProjects) = preSolution
		{AA90754B-CA47-429E-BDC8-2A83E94179B7} = {086A35E7-E3B8-449E-83A3-25A540148B86}
		{50E98525-806C-41E3-9366-D36B1CD936D0} = {086A35E7-E3B8-449E-83A3-25A540148B86}
		{01F84441-80D3-49B4-AB18-96894ACB2F90} = {086A35E7-E3B8-449E-83A3-25A540148B86}
		{D300CE86-E8DF-4E9A-9FEB-A2355661A9F2} = {086A35E7-E3B8-449E-83A3-25A540148B86}
		{2558F4AD-8D5D-43A2-AAEA-75B966F9B4DE} = {4EAA1C9A-E268-4BA7-A73E-940E3D769C3A}
		{99BE6129-C5C4-45A5-94AB-0ADEA0A6AD53} = {4EAA1C9A-E268-4BA7-A73E-940E3D769C3A}
		{629CA40F-74CF-4040-8CAD-5EFEDD06BCFE} = {4EAA1C9A-E268-4BA7-A73E-940E3D769C3A}
		{EA93A91D-7BC9-4EC0-8A22-8A772AFD76C3} = {4EAA1C9A-E268-4BA7-A73E-940E3D769C3A}
		{7714E2D3-372D-4B0A-9393-F7A0EDA331F5} = {4EAA1C9A-E268-4BA7-A73E-940E3D769C3A}
		{DD28A7E6-A864-43F1-AB94-FC854ADD9AA0} = {4EAA1C9A-E268-4BA7-A73E-940E3D769C3A}
		{2EAA3A87-4D94-4044-8641-B4E04E5774D8} = {4EAA1C9A-E268-4BA7-A73E-940E3D769C3A}
		{3624C541-6D6E-4AAC-B70A-7A769FB5C442} = {4EAA1C9A-E268-4BA7-A73E-940E3D769C3A}
		{923B7912-224A-4CB1-BA34-D18A9E1EAB66} = {4EAA1C9A-E268-4BA7-A73E-940E3D769C3A}
		{778A871A-CEB4-4AF1-81CC-EA532EC05067} = {4EAA1C9A-E268-4BA7-A73E-940E3D769C3A}
		{9B796256-E9D6-4F21-BB89-C5333A880BFE} = {4EAA1C9A-E268-4BA7-A73E-940E3D769C3A}
		{86D87653-EC64-4388-A5F7-2F64F690C5F5} = {4EAA1C9A-E268-4BA7-A73E-940E3D769C3A}
		{CAF2E548-87C8-422B-A62C-8C3ED83FF3C3} = {4EAA1C9A-E268-4BA7-A73E-940E3D769C3A}
		{9CBAEAFE-9265-47BA-82C5-5E0774CBF2C5} = {4EAA1C9A-E268-4BA7-A73E-940E3D769C3A}
		{DC0FB020-79D9-497E-8869-9508FCFA6537} = {4EAA1C9A-E268-4BA7-A73E-940E3D769C3A}
		{76062319-4F5D-4055-9D1A-5680DD2DA882} = {4EAA1C9A-E268-4BA7-A73E-940E3D769C3A}
		{EE6E54C8-D108-49E7-9E2A-6BAEF6D5339F} = {4EAA1C9A-E268-4BA7-A73E-940E3D769C3A}
		{B8B5FD78-06BE-4BC0-8A0A-7C63C3FEB63C} = {4EAA1C9A-E268-4BA7-A73E-940E3D769C3A}
		{DCA6E39A-8D6B-4531-ACA7-33D790D27878} = {4EAA1C9A-E268-4BA7-A73E-940E3D769C3A}
		{7C4B1AD0-C354-47D1-A9AB-793AE2AD52A2} = {4EAA1C9A-E268-4BA7-A73E-940E3D769C3A}
		{A2ADE0B3-D3C0-4D6B-8701-C0F5E509A69A} = {4EAA1C9A-E268-4BA7-A73E-940E3D769C3A}
		{6535AFF3-E730-4916-9CF6-1186F3C1DAFE} = {4EAA1C9A-E268-4BA7-A73E-940E3D769C3A}
		{693DEFC5-355C-4F62-B424-3119046B5F6D} = {4EAA1C9A-E268-4BA7-A73E-940E3D769C3A}
		{9961F987-2519-493C-83E6-5E8AFCD32291} = {4EAA1C9A-E268-4BA7-A73E-940E3D769C3A}
		{E7EF81C1-4896-446D-B761-3BDA111E09D1} = {4EAA1C9A-E268-4BA7-A73E-940E3D769C3A}
		{7F74C778-717A-4395-BA6B-14335E6C9753} = {4EAA1C9A-E268-4BA7-A73E-940E3D769C3A}
		{73EFEBCC-4B62-470B-A27B-D846359FF600} = {4EAA1C9A-E268-4BA7-A73E-940E3D769C3A}
		{618E1C0F-E6B7-4C51-961D-C4ACE60CFC85} = {4EAA1C9A-E268-4BA7-A73E-940E3D769C3A}
		{85073A89-CC13-44E2-B8C2-FB0B638B60F7} = {4EAA1C9A-E268-4BA7-A73E-940E3D769C3A}
		{8478A8FA-7295-4098-866D-47F458C766C8} = {84A6E29C-BC29-4348-BA51-4218E75CED1A}
		{963C0C88-DCB6-4944-94EC-728CBB3C2778} = {84A6E29C-BC29-4348-BA51-4218E75CED1A}
		{E7C55656-EC73-4802-9ED4-1BC321C86ABA} = {84A6E29C-BC29-4348-BA51-4218E75CED1A}
		{CF0635EB-DFA4-4E82-B245-A0F125183E08} = {8478A8FA-7295-4098-866D-47F458C766C8}
		{BD0344CC-E61E-4BC6-8782-0AC0390F48FD} = {8478A8FA-7295-4098-866D-47F458C766C8}
		{705805EF-47BE-48A8-A359-CA999169E445} = {8478A8FA-7295-4098-866D-47F458C766C8}
		{D01CE8F6-800E-44CC-886B-F862B10E1396} = {8478A8FA-7295-4098-866D-47F458C766C8}
		{B43AEA6E-59C2-4731-91EA-40C36CEE8360} = {8478A8FA-7295-4098-866D-47F458C766C8}
		{1F4B376F-D08C-4C8B-AB6E-16F70173FBB5} = {8478A8FA-7295-4098-866D-47F458C766C8}
		{6F1765AB-F3DD-40C0-8D80-C1E1A20173E3} = {8478A8FA-7295-4098-866D-47F458C766C8}
		{97B83914-6A1A-4EF4-AE40-F5CE4FA48FA8} = {963C0C88-DCB6-4944-94EC-728CBB3C2778}
		{5EF85227-BF8E-4A19-8496-2A3BB500E27C} = {963C0C88-DCB6-4944-94EC-728CBB3C2778}
		{B233A995-93BA-4B6F-8227-EF2A57C750BD} = {963C0C88-DCB6-4944-94EC-728CBB3C2778}
		{5088657E-AC3F-4081-B0B8-ACFBBD6BFA28} = {963C0C88-DCB6-4944-94EC-728CBB3C2778}
		{E55F2D87-CBA5-48CE-AF6E-FBF069084BAF} = {963C0C88-DCB6-4944-94EC-728CBB3C2778}
		{ECE2E2E8-648C-4561-82A0-9A1D6A2D4645} = {E7C55656-EC73-4802-9ED4-1BC321C86ABA}
		{7A3419B2-588C-416B-A9F3-BFAE77C22D77} = {E7C55656-EC73-4802-9ED4-1BC321C86ABA}
		{2489CF5D-6CEE-44C7-825D-521383275DB7} = {E7C55656-EC73-4802-9ED4-1BC321C86ABA}
	EndGlobalSection
EndGlobal
