
Microsoft Visual Studio Solution File, Format Version 11.00
# Visual Studio 2010
Project("{FAE04EC0-301F-11D3-BF4B-00C04F79EFBC}") = "Ncqrs", "Framework\src\Ncqrs\Ncqrs.csproj", "{01F84441-80D3-49B4-AB18-96894ACB2F90}"
EndProject
Project("{FAE04EC0-301F-11D3-BF4B-00C04F79EFBC}") = "Ncqrs.Spec", "Framework\src\Ncqrs.Spec\Ncqrs.Spec.csproj", "{AA90754B-CA47-429E-BDC8-2A83E94179B7}"
EndProject
Project("{FAE04EC0-301F-11D3-BF4B-00C04F79EFBC}") = "Ncqrs.Tests", "Framework\src\Ncqrs.Tests\Ncqrs.Tests.csproj", "{50E98525-806C-41E3-9366-D36B1CD936D0}"
EndProject
Project("{2150E333-8FDC-42A3-9474-1A3956D46DE8}") = "Framework", "Framework", "{086A35E7-E3B8-449E-83A3-25A540148B86}"
EndProject
Project("{2150E333-8FDC-42A3-9474-1A3956D46DE8}") = "Extensions", "Extensions", "{4EAA1C9A-E268-4BA7-A73E-940E3D769C3A}"
EndProject
Project("{FAE04EC0-301F-11D3-BF4B-00C04F79EFBC}") = "Ncqrs.Config.StructureMap", "Extensions\src\Ncqrs.Config.StructureMap\Ncqrs.Config.StructureMap.csproj", "{2558F4AD-8D5D-43A2-AAEA-75B966F9B4DE}"
EndProject
Project("{FAE04EC0-301F-11D3-BF4B-00C04F79EFBC}") = "Ncqrs.Config.Windsor", "Extensions\src\Ncqrs.Config.Windsor\Ncqrs.Config.Windsor.csproj", "{99BE6129-C5C4-45A5-94AB-0ADEA0A6AD53}"
EndProject
Project("{FAE04EC0-301F-11D3-BF4B-00C04F79EFBC}") = "Ncqrs.Config.Windsor.Tests", "Extensions\src\Ncqrs.Config.Windsor.Tests\Ncqrs.Config.Windsor.Tests.csproj", "{629CA40F-74CF-4040-8CAD-5EFEDD06BCFE}"
EndProject
Project("{FAE04EC0-301F-11D3-BF4B-00C04F79EFBC}") = "Ncqrs.Eventing.Storage.MongoDB", "Extensions\src\Ncqrs.Eventing.Storage.MongoDB\Ncqrs.Eventing.Storage.MongoDB.csproj", "{E421E735-2833-4948-9BA0-94924BDC502E}"
EndProject
Project("{FAE04EC0-301F-11D3-BF4B-00C04F79EFBC}") = "Ncqrs.Eventing.Storage.RavenDB", "Extensions\src\Ncqrs.Eventing.Storage.RavenDB\Ncqrs.Eventing.Storage.RavenDB.csproj", "{EA93A91D-7BC9-4EC0-8A22-8A772AFD76C3}"
EndProject
Project("{FAE04EC0-301F-11D3-BF4B-00C04F79EFBC}") = "Ncqrs.Eventing.Storage.RavenDB.Tests", "Extensions\src\Ncqrs.Eventing.Storage.RavenDB.Tests\Ncqrs.Eventing.Storage.RavenDB.Tests.csproj", "{7714E2D3-372D-4B0A-9393-F7A0EDA331F5}"
EndProject
Project("{FAE04EC0-301F-11D3-BF4B-00C04F79EFBC}") = "Ncqrs.Eventing.Storage.SQLite", "Extensions\src\Ncqrs.Eventing.Storage.SqlLite\Ncqrs.Eventing.Storage.SQLite.csproj", "{DD28A7E6-A864-43F1-AB94-FC854ADD9AA0}"
EndProject
Project("{FAE04EC0-301F-11D3-BF4B-00C04F79EFBC}") = "Ncqrs.Eventing.Storage.SQLite.Tests", "Extensions\src\Ncqrs.Eventing.Storage.SqlLite.Tests\Ncqrs.Eventing.Storage.SQLite.Tests.csproj", "{2EAA3A87-4D94-4044-8641-B4E04E5774D8}"
EndProject
Project("{FAE04EC0-301F-11D3-BF4B-00C04F79EFBC}") = "Ncqrs.Messaging", "Extensions\src\Ncqrs.Messaging\Ncqrs.Messaging.csproj", "{3624C541-6D6E-4AAC-B70A-7A769FB5C442}"
EndProject
Project("{FAE04EC0-301F-11D3-BF4B-00C04F79EFBC}") = "Ncqrs.Messaging.NServiceBus", "Extensions\src\Ncqrs.Messaging.NServiceBus\Ncqrs.Messaging.NServiceBus.csproj", "{923B7912-224A-4CB1-BA34-D18A9E1EAB66}"
EndProject
Project("{FAE04EC0-301F-11D3-BF4B-00C04F79EFBC}") = "Ncqrs.Messaging.Tests", "Extensions\src\Ncqrs.Messaging.Tests\Ncqrs.Messaging.Tests.csproj", "{778A871A-CEB4-4AF1-81CC-EA532EC05067}"
EndProject
Project("{FAE04EC0-301F-11D3-BF4B-00C04F79EFBC}") = "Ncqrs.NServiceBus", "Extensions\src\Ncqrs.NServiceBus\Ncqrs.NServiceBus.csproj", "{9B796256-E9D6-4F21-BB89-C5333A880BFE}"
EndProject
Project("{FAE04EC0-301F-11D3-BF4B-00C04F79EFBC}") = "Ncqrs.NServiceBus.Tests", "Extensions\src\Ncqrs.NServiceBus.Tests\Ncqrs.NServiceBus.Tests.csproj", "{86D87653-EC64-4388-A5F7-2F64F690C5F5}"
EndProject
Project("{FAE04EC0-301F-11D3-BF4B-00C04F79EFBC}") = "Ncqrs.SerializableSnapshots", "Extensions\src\Ncqrs.SerializableSnapshots\Ncqrs.SerializableSnapshots.csproj", "{EEBD674D-B482-4A84-9C4C-3EECCDA14369}"
EndProject
Project("{2150E333-8FDC-42A3-9474-1A3956D46DE8}") = "Samples", "Samples", "{84A6E29C-BC29-4348-BA51-4218E75CED1A}"
EndProject
Project("{2150E333-8FDC-42A3-9474-1A3956D46DE8}") = "MyNotes", "MyNotes", "{8478A8FA-7295-4098-866D-47F458C766C8}"
EndProject
Project("{FAE04EC0-301F-11D3-BF4B-00C04F79EFBC}") = "Commands", "Samples\MyNotes\src\Commands\Commands.csproj", "{CF0635EB-DFA4-4E82-B245-A0F125183E08}"
EndProject
Project("{FAE04EC0-301F-11D3-BF4B-00C04F79EFBC}") = "CommandService", "Samples\MyNotes\src\CommandService\CommandService.csproj", "{2AD8FF74-531A-42B2-8976-B26B78C979E2}"
EndProject
Project("{FAE04EC0-301F-11D3-BF4B-00C04F79EFBC}") = "Domain", "Samples\MyNotes\src\Domain\Domain.csproj", "{BD0344CC-E61E-4BC6-8782-0AC0390F48FD}"
EndProject
Project("{FAE04EC0-301F-11D3-BF4B-00C04F79EFBC}") = "Events", "Samples\MyNotes\src\Events\Events.csproj", "{705805EF-47BE-48A8-A359-CA999169E445}"
EndProject
Project("{FAE04EC0-301F-11D3-BF4B-00C04F79EFBC}") = "ReadModel", "Samples\MyNotes\src\ReadModel\ReadModel.csproj", "{D01CE8F6-800E-44CC-886B-F862B10E1396}"
EndProject
Project("{FAE04EC0-301F-11D3-BF4B-00C04F79EFBC}") = "Website", "Samples\MyNotes\src\Website\Website.csproj", "{4DFE50BE-A76C-4FD2-904C-BD929FF0C32A}"
EndProject
Project("{FAE04EC0-301F-11D3-BF4B-00C04F79EFBC}") = "Client", "Samples\NSBSample\Client\Client.csproj", "{97B83914-6A1A-4EF4-AE40-F5CE4FA48FA8}"
EndProject
Project("{2150E333-8FDC-42A3-9474-1A3956D46DE8}") = "NSBSample", "NSBSample", "{963C0C88-DCB6-4944-94EC-728CBB3C2778}"
EndProject
Project("{FAE04EC0-301F-11D3-BF4B-00C04F79EFBC}") = "Commands", "Samples\NSBSample\Commands\Commands.csproj", "{5EF85227-BF8E-4A19-8496-2A3BB500E27C}"
EndProject
Project("{FAE04EC0-301F-11D3-BF4B-00C04F79EFBC}") = "Domain", "Samples\NSBSample\Domain\Domain.csproj", "{B233A995-93BA-4B6F-8227-EF2A57C750BD}"
EndProject
Project("{FAE04EC0-301F-11D3-BF4B-00C04F79EFBC}") = "Events", "Samples\NSBSample\Events\Events.csproj", "{5088657E-AC3F-4081-B0B8-ACFBBD6BFA28}"
EndProject
Project("{FAE04EC0-301F-11D3-BF4B-00C04F79EFBC}") = "Server", "Samples\NSBSample\Server\Server.csproj", "{E55F2D87-CBA5-48CE-AF6E-FBF069084BAF}"
EndProject
Project("{FAE04EC0-301F-11D3-BF4B-00C04F79EFBC}") = "AppV1", "Samples\VersioningSample\src\Appv1\AppV1.csproj", "{ECE2E2E8-648C-4561-82A0-9A1D6A2D4645}"
EndProject
Project("{2150E333-8FDC-42A3-9474-1A3956D46DE8}") = "VersioningSample", "VersioningSample", "{E7C55656-EC73-4802-9ED4-1BC321C86ABA}"
EndProject
Project("{FAE04EC0-301F-11D3-BF4B-00C04F79EFBC}") = "AppV2", "Samples\VersioningSample\src\AppV2\AppV2.csproj", "{7A3419B2-588C-416B-A9F3-BFAE77C22D77}"
EndProject
Project("{FAE04EC0-301F-11D3-BF4B-00C04F79EFBC}") = "AppV3", "Samples\VersioningSample\src\AppV3\AppV3.csproj", "{2489CF5D-6CEE-44C7-825D-521383275DB7}"
EndProject
Global
	GlobalSection(SolutionConfigurationPlatforms) = preSolution
		Debug|Any CPU = Debug|Any CPU
		Debug|x86 = Debug|x86
		Release|Any CPU = Release|Any CPU
		Release|x86 = Release|x86
	EndGlobalSection
	GlobalSection(ProjectConfigurationPlatforms) = postSolution
		{01F84441-80D3-49B4-AB18-96894ACB2F90}.Debug|Any CPU.ActiveCfg = Debug|Any CPU
		{01F84441-80D3-49B4-AB18-96894ACB2F90}.Debug|Any CPU.Build.0 = Debug|Any CPU
		{01F84441-80D3-49B4-AB18-96894ACB2F90}.Debug|x86.ActiveCfg = Debug|Any CPU
		{01F84441-80D3-49B4-AB18-96894ACB2F90}.Release|Any CPU.ActiveCfg = Release|Any CPU
		{01F84441-80D3-49B4-AB18-96894ACB2F90}.Release|Any CPU.Build.0 = Release|Any CPU
		{01F84441-80D3-49B4-AB18-96894ACB2F90}.Release|x86.ActiveCfg = Release|Any CPU
		{AA90754B-CA47-429E-BDC8-2A83E94179B7}.Debug|Any CPU.ActiveCfg = Debug|Any CPU
		{AA90754B-CA47-429E-BDC8-2A83E94179B7}.Debug|Any CPU.Build.0 = Debug|Any CPU
		{AA90754B-CA47-429E-BDC8-2A83E94179B7}.Debug|x86.ActiveCfg = Debug|Any CPU
		{AA90754B-CA47-429E-BDC8-2A83E94179B7}.Release|Any CPU.ActiveCfg = Release|Any CPU
		{AA90754B-CA47-429E-BDC8-2A83E94179B7}.Release|Any CPU.Build.0 = Release|Any CPU
		{AA90754B-CA47-429E-BDC8-2A83E94179B7}.Release|x86.ActiveCfg = Release|Any CPU
		{50E98525-806C-41E3-9366-D36B1CD936D0}.Debug|Any CPU.ActiveCfg = Debug|Any CPU
		{50E98525-806C-41E3-9366-D36B1CD936D0}.Debug|Any CPU.Build.0 = Debug|Any CPU
		{50E98525-806C-41E3-9366-D36B1CD936D0}.Debug|x86.ActiveCfg = Debug|Any CPU
		{50E98525-806C-41E3-9366-D36B1CD936D0}.Release|Any CPU.ActiveCfg = Release|Any CPU
		{50E98525-806C-41E3-9366-D36B1CD936D0}.Release|Any CPU.Build.0 = Release|Any CPU
		{50E98525-806C-41E3-9366-D36B1CD936D0}.Release|x86.ActiveCfg = Release|Any CPU
		{2558F4AD-8D5D-43A2-AAEA-75B966F9B4DE}.Debug|Any CPU.ActiveCfg = Debug|Any CPU
		{2558F4AD-8D5D-43A2-AAEA-75B966F9B4DE}.Debug|Any CPU.Build.0 = Debug|Any CPU
		{2558F4AD-8D5D-43A2-AAEA-75B966F9B4DE}.Debug|x86.ActiveCfg = Debug|Any CPU
		{2558F4AD-8D5D-43A2-AAEA-75B966F9B4DE}.Release|Any CPU.ActiveCfg = Release|Any CPU
		{2558F4AD-8D5D-43A2-AAEA-75B966F9B4DE}.Release|Any CPU.Build.0 = Release|Any CPU
		{2558F4AD-8D5D-43A2-AAEA-75B966F9B4DE}.Release|x86.ActiveCfg = Release|Any CPU
		{99BE6129-C5C4-45A5-94AB-0ADEA0A6AD53}.Debug|Any CPU.ActiveCfg = Debug|Any CPU
		{99BE6129-C5C4-45A5-94AB-0ADEA0A6AD53}.Debug|Any CPU.Build.0 = Debug|Any CPU
		{99BE6129-C5C4-45A5-94AB-0ADEA0A6AD53}.Debug|x86.ActiveCfg = Debug|Any CPU
		{99BE6129-C5C4-45A5-94AB-0ADEA0A6AD53}.Release|Any CPU.ActiveCfg = Release|Any CPU
		{99BE6129-C5C4-45A5-94AB-0ADEA0A6AD53}.Release|Any CPU.Build.0 = Release|Any CPU
		{99BE6129-C5C4-45A5-94AB-0ADEA0A6AD53}.Release|x86.ActiveCfg = Release|Any CPU
		{629CA40F-74CF-4040-8CAD-5EFEDD06BCFE}.Debug|Any CPU.ActiveCfg = Debug|Any CPU
		{629CA40F-74CF-4040-8CAD-5EFEDD06BCFE}.Debug|Any CPU.Build.0 = Debug|Any CPU
		{629CA40F-74CF-4040-8CAD-5EFEDD06BCFE}.Debug|x86.ActiveCfg = Debug|Any CPU
		{629CA40F-74CF-4040-8CAD-5EFEDD06BCFE}.Release|Any CPU.ActiveCfg = Release|Any CPU
		{629CA40F-74CF-4040-8CAD-5EFEDD06BCFE}.Release|Any CPU.Build.0 = Release|Any CPU
		{629CA40F-74CF-4040-8CAD-5EFEDD06BCFE}.Release|x86.ActiveCfg = Release|Any CPU
		{E421E735-2833-4948-9BA0-94924BDC502E}.Debug|Any CPU.ActiveCfg = Debug|Any CPU
		{E421E735-2833-4948-9BA0-94924BDC502E}.Debug|Any CPU.Build.0 = Debug|Any CPU
		{E421E735-2833-4948-9BA0-94924BDC502E}.Debug|x86.ActiveCfg = Debug|Any CPU
		{E421E735-2833-4948-9BA0-94924BDC502E}.Release|Any CPU.ActiveCfg = Release|Any CPU
		{E421E735-2833-4948-9BA0-94924BDC502E}.Release|Any CPU.Build.0 = Release|Any CPU
		{E421E735-2833-4948-9BA0-94924BDC502E}.Release|x86.ActiveCfg = Release|Any CPU
		{EA93A91D-7BC9-4EC0-8A22-8A772AFD76C3}.Debug|Any CPU.ActiveCfg = Debug|Any CPU
		{EA93A91D-7BC9-4EC0-8A22-8A772AFD76C3}.Debug|Any CPU.Build.0 = Debug|Any CPU
		{EA93A91D-7BC9-4EC0-8A22-8A772AFD76C3}.Debug|x86.ActiveCfg = Debug|Any CPU
		{EA93A91D-7BC9-4EC0-8A22-8A772AFD76C3}.Release|Any CPU.ActiveCfg = Release|Any CPU
		{EA93A91D-7BC9-4EC0-8A22-8A772AFD76C3}.Release|Any CPU.Build.0 = Release|Any CPU
		{EA93A91D-7BC9-4EC0-8A22-8A772AFD76C3}.Release|x86.ActiveCfg = Release|Any CPU
		{7714E2D3-372D-4B0A-9393-F7A0EDA331F5}.Debug|Any CPU.ActiveCfg = Debug|Any CPU
		{7714E2D3-372D-4B0A-9393-F7A0EDA331F5}.Debug|Any CPU.Build.0 = Debug|Any CPU
		{7714E2D3-372D-4B0A-9393-F7A0EDA331F5}.Debug|x86.ActiveCfg = Debug|Any CPU
		{7714E2D3-372D-4B0A-9393-F7A0EDA331F5}.Release|Any CPU.ActiveCfg = Release|Any CPU
		{7714E2D3-372D-4B0A-9393-F7A0EDA331F5}.Release|Any CPU.Build.0 = Release|Any CPU
		{7714E2D3-372D-4B0A-9393-F7A0EDA331F5}.Release|x86.ActiveCfg = Release|Any CPU
		{DD28A7E6-A864-43F1-AB94-FC854ADD9AA0}.Debug|Any CPU.ActiveCfg = Debug|Any CPU
		{DD28A7E6-A864-43F1-AB94-FC854ADD9AA0}.Debug|Any CPU.Build.0 = Debug|Any CPU
		{DD28A7E6-A864-43F1-AB94-FC854ADD9AA0}.Debug|x86.ActiveCfg = Debug|Any CPU
		{DD28A7E6-A864-43F1-AB94-FC854ADD9AA0}.Release|Any CPU.ActiveCfg = Release|Any CPU
		{DD28A7E6-A864-43F1-AB94-FC854ADD9AA0}.Release|Any CPU.Build.0 = Release|Any CPU
		{DD28A7E6-A864-43F1-AB94-FC854ADD9AA0}.Release|x86.ActiveCfg = Release|Any CPU
		{2EAA3A87-4D94-4044-8641-B4E04E5774D8}.Debug|Any CPU.ActiveCfg = Debug|Any CPU
		{2EAA3A87-4D94-4044-8641-B4E04E5774D8}.Debug|Any CPU.Build.0 = Debug|Any CPU
		{2EAA3A87-4D94-4044-8641-B4E04E5774D8}.Debug|x86.ActiveCfg = Debug|Any CPU
		{2EAA3A87-4D94-4044-8641-B4E04E5774D8}.Release|Any CPU.ActiveCfg = Release|Any CPU
		{2EAA3A87-4D94-4044-8641-B4E04E5774D8}.Release|Any CPU.Build.0 = Release|Any CPU
		{2EAA3A87-4D94-4044-8641-B4E04E5774D8}.Release|x86.ActiveCfg = Release|Any CPU
		{3624C541-6D6E-4AAC-B70A-7A769FB5C442}.Debug|Any CPU.ActiveCfg = Debug|Any CPU
		{3624C541-6D6E-4AAC-B70A-7A769FB5C442}.Debug|Any CPU.Build.0 = Debug|Any CPU
		{3624C541-6D6E-4AAC-B70A-7A769FB5C442}.Debug|x86.ActiveCfg = Debug|Any CPU
		{3624C541-6D6E-4AAC-B70A-7A769FB5C442}.Release|Any CPU.ActiveCfg = Release|Any CPU
		{3624C541-6D6E-4AAC-B70A-7A769FB5C442}.Release|Any CPU.Build.0 = Release|Any CPU
		{3624C541-6D6E-4AAC-B70A-7A769FB5C442}.Release|x86.ActiveCfg = Release|Any CPU
		{923B7912-224A-4CB1-BA34-D18A9E1EAB66}.Debug|Any CPU.ActiveCfg = Debug|Any CPU
		{923B7912-224A-4CB1-BA34-D18A9E1EAB66}.Debug|Any CPU.Build.0 = Debug|Any CPU
		{923B7912-224A-4CB1-BA34-D18A9E1EAB66}.Debug|x86.ActiveCfg = Debug|Any CPU
		{923B7912-224A-4CB1-BA34-D18A9E1EAB66}.Release|Any CPU.ActiveCfg = Release|Any CPU
		{923B7912-224A-4CB1-BA34-D18A9E1EAB66}.Release|Any CPU.Build.0 = Release|Any CPU
		{923B7912-224A-4CB1-BA34-D18A9E1EAB66}.Release|x86.ActiveCfg = Release|Any CPU
		{778A871A-CEB4-4AF1-81CC-EA532EC05067}.Debug|Any CPU.ActiveCfg = Debug|Any CPU
		{778A871A-CEB4-4AF1-81CC-EA532EC05067}.Debug|Any CPU.Build.0 = Debug|Any CPU
		{778A871A-CEB4-4AF1-81CC-EA532EC05067}.Debug|x86.ActiveCfg = Debug|Any CPU
		{778A871A-CEB4-4AF1-81CC-EA532EC05067}.Release|Any CPU.ActiveCfg = Release|Any CPU
		{778A871A-CEB4-4AF1-81CC-EA532EC05067}.Release|Any CPU.Build.0 = Release|Any CPU
		{778A871A-CEB4-4AF1-81CC-EA532EC05067}.Release|x86.ActiveCfg = Release|Any CPU
		{9B796256-E9D6-4F21-BB89-C5333A880BFE}.Debug|Any CPU.ActiveCfg = Debug|Any CPU
		{9B796256-E9D6-4F21-BB89-C5333A880BFE}.Debug|Any CPU.Build.0 = Debug|Any CPU
		{9B796256-E9D6-4F21-BB89-C5333A880BFE}.Debug|x86.ActiveCfg = Debug|Any CPU
		{9B796256-E9D6-4F21-BB89-C5333A880BFE}.Release|Any CPU.ActiveCfg = Release|Any CPU
		{9B796256-E9D6-4F21-BB89-C5333A880BFE}.Release|Any CPU.Build.0 = Release|Any CPU
		{9B796256-E9D6-4F21-BB89-C5333A880BFE}.Release|x86.ActiveCfg = Release|Any CPU
		{86D87653-EC64-4388-A5F7-2F64F690C5F5}.Debug|Any CPU.ActiveCfg = Debug|Any CPU
		{86D87653-EC64-4388-A5F7-2F64F690C5F5}.Debug|Any CPU.Build.0 = Debug|Any CPU
		{86D87653-EC64-4388-A5F7-2F64F690C5F5}.Debug|x86.ActiveCfg = Debug|Any CPU
		{86D87653-EC64-4388-A5F7-2F64F690C5F5}.Release|Any CPU.ActiveCfg = Release|Any CPU
		{86D87653-EC64-4388-A5F7-2F64F690C5F5}.Release|Any CPU.Build.0 = Release|Any CPU
		{86D87653-EC64-4388-A5F7-2F64F690C5F5}.Release|x86.ActiveCfg = Release|Any CPU
		{EEBD674D-B482-4A84-9C4C-3EECCDA14369}.Debug|Any CPU.ActiveCfg = Debug|Any CPU
		{EEBD674D-B482-4A84-9C4C-3EECCDA14369}.Debug|Any CPU.Build.0 = Debug|Any CPU
		{EEBD674D-B482-4A84-9C4C-3EECCDA14369}.Debug|x86.ActiveCfg = Debug|Any CPU
		{EEBD674D-B482-4A84-9C4C-3EECCDA14369}.Release|Any CPU.ActiveCfg = Release|Any CPU
		{EEBD674D-B482-4A84-9C4C-3EECCDA14369}.Release|Any CPU.Build.0 = Release|Any CPU
		{EEBD674D-B482-4A84-9C4C-3EECCDA14369}.Release|x86.ActiveCfg = Release|Any CPU
		{CF0635EB-DFA4-4E82-B245-A0F125183E08}.Debug|Any CPU.ActiveCfg = Debug|Any CPU
		{CF0635EB-DFA4-4E82-B245-A0F125183E08}.Debug|Any CPU.Build.0 = Debug|Any CPU
		{CF0635EB-DFA4-4E82-B245-A0F125183E08}.Debug|x86.ActiveCfg = Debug|Any CPU
		{CF0635EB-DFA4-4E82-B245-A0F125183E08}.Release|Any CPU.ActiveCfg = Release|Any CPU
		{CF0635EB-DFA4-4E82-B245-A0F125183E08}.Release|Any CPU.Build.0 = Release|Any CPU
		{CF0635EB-DFA4-4E82-B245-A0F125183E08}.Release|x86.ActiveCfg = Release|Any CPU
		{2AD8FF74-531A-42B2-8976-B26B78C979E2}.Debug|Any CPU.ActiveCfg = Debug|Any CPU
		{2AD8FF74-531A-42B2-8976-B26B78C979E2}.Debug|Any CPU.Build.0 = Debug|Any CPU
		{2AD8FF74-531A-42B2-8976-B26B78C979E2}.Debug|x86.ActiveCfg = Debug|Any CPU
		{2AD8FF74-531A-42B2-8976-B26B78C979E2}.Release|Any CPU.ActiveCfg = Release|Any CPU
		{2AD8FF74-531A-42B2-8976-B26B78C979E2}.Release|Any CPU.Build.0 = Release|Any CPU
		{2AD8FF74-531A-42B2-8976-B26B78C979E2}.Release|x86.ActiveCfg = Release|Any CPU
		{BD0344CC-E61E-4BC6-8782-0AC0390F48FD}.Debug|Any CPU.ActiveCfg = Debug|Any CPU
		{BD0344CC-E61E-4BC6-8782-0AC0390F48FD}.Debug|Any CPU.Build.0 = Debug|Any CPU
		{BD0344CC-E61E-4BC6-8782-0AC0390F48FD}.Debug|x86.ActiveCfg = Debug|Any CPU
		{BD0344CC-E61E-4BC6-8782-0AC0390F48FD}.Release|Any CPU.ActiveCfg = Release|Any CPU
		{BD0344CC-E61E-4BC6-8782-0AC0390F48FD}.Release|Any CPU.Build.0 = Release|Any CPU
		{BD0344CC-E61E-4BC6-8782-0AC0390F48FD}.Release|x86.ActiveCfg = Release|Any CPU
		{705805EF-47BE-48A8-A359-CA999169E445}.Debug|Any CPU.ActiveCfg = Debug|Any CPU
		{705805EF-47BE-48A8-A359-CA999169E445}.Debug|Any CPU.Build.0 = Debug|Any CPU
		{705805EF-47BE-48A8-A359-CA999169E445}.Debug|x86.ActiveCfg = Debug|Any CPU
		{705805EF-47BE-48A8-A359-CA999169E445}.Release|Any CPU.ActiveCfg = Release|Any CPU
		{705805EF-47BE-48A8-A359-CA999169E445}.Release|Any CPU.Build.0 = Release|Any CPU
		{705805EF-47BE-48A8-A359-CA999169E445}.Release|x86.ActiveCfg = Release|Any CPU
		{D01CE8F6-800E-44CC-886B-F862B10E1396}.Debug|Any CPU.ActiveCfg = Debug|Any CPU
		{D01CE8F6-800E-44CC-886B-F862B10E1396}.Debug|Any CPU.Build.0 = Debug|Any CPU
		{D01CE8F6-800E-44CC-886B-F862B10E1396}.Debug|x86.ActiveCfg = Debug|Any CPU
		{D01CE8F6-800E-44CC-886B-F862B10E1396}.Release|Any CPU.ActiveCfg = Release|Any CPU
		{D01CE8F6-800E-44CC-886B-F862B10E1396}.Release|Any CPU.Build.0 = Release|Any CPU
		{D01CE8F6-800E-44CC-886B-F862B10E1396}.Release|x86.ActiveCfg = Release|Any CPU
		{4DFE50BE-A76C-4FD2-904C-BD929FF0C32A}.Debug|Any CPU.ActiveCfg = Debug|Any CPU
		{4DFE50BE-A76C-4FD2-904C-BD929FF0C32A}.Debug|Any CPU.Build.0 = Debug|Any CPU
		{4DFE50BE-A76C-4FD2-904C-BD929FF0C32A}.Debug|x86.ActiveCfg = Debug|Any CPU
		{4DFE50BE-A76C-4FD2-904C-BD929FF0C32A}.Release|Any CPU.ActiveCfg = Release|Any CPU
		{4DFE50BE-A76C-4FD2-904C-BD929FF0C32A}.Release|Any CPU.Build.0 = Release|Any CPU
		{4DFE50BE-A76C-4FD2-904C-BD929FF0C32A}.Release|x86.ActiveCfg = Release|Any CPU
		{97B83914-6A1A-4EF4-AE40-F5CE4FA48FA8}.Debug|Any CPU.ActiveCfg = Debug|Any CPU
		{97B83914-6A1A-4EF4-AE40-F5CE4FA48FA8}.Debug|Any CPU.Build.0 = Debug|Any CPU
		{97B83914-6A1A-4EF4-AE40-F5CE4FA48FA8}.Debug|x86.ActiveCfg = Debug|Any CPU
		{97B83914-6A1A-4EF4-AE40-F5CE4FA48FA8}.Release|Any CPU.ActiveCfg = Release|Any CPU
		{97B83914-6A1A-4EF4-AE40-F5CE4FA48FA8}.Release|Any CPU.Build.0 = Release|Any CPU
		{97B83914-6A1A-4EF4-AE40-F5CE4FA48FA8}.Release|x86.ActiveCfg = Release|Any CPU
		{5EF85227-BF8E-4A19-8496-2A3BB500E27C}.Debug|Any CPU.ActiveCfg = Debug|Any CPU
		{5EF85227-BF8E-4A19-8496-2A3BB500E27C}.Debug|Any CPU.Build.0 = Debug|Any CPU
		{5EF85227-BF8E-4A19-8496-2A3BB500E27C}.Debug|x86.ActiveCfg = Debug|Any CPU
		{5EF85227-BF8E-4A19-8496-2A3BB500E27C}.Release|Any CPU.ActiveCfg = Release|Any CPU
		{5EF85227-BF8E-4A19-8496-2A3BB500E27C}.Release|Any CPU.Build.0 = Release|Any CPU
		{5EF85227-BF8E-4A19-8496-2A3BB500E27C}.Release|x86.ActiveCfg = Release|Any CPU
		{B233A995-93BA-4B6F-8227-EF2A57C750BD}.Debug|Any CPU.ActiveCfg = Debug|Any CPU
		{B233A995-93BA-4B6F-8227-EF2A57C750BD}.Debug|Any CPU.Build.0 = Debug|Any CPU
		{B233A995-93BA-4B6F-8227-EF2A57C750BD}.Debug|x86.ActiveCfg = Debug|Any CPU
		{B233A995-93BA-4B6F-8227-EF2A57C750BD}.Release|Any CPU.ActiveCfg = Release|Any CPU
		{B233A995-93BA-4B6F-8227-EF2A57C750BD}.Release|Any CPU.Build.0 = Release|Any CPU
		{B233A995-93BA-4B6F-8227-EF2A57C750BD}.Release|x86.ActiveCfg = Release|Any CPU
		{5088657E-AC3F-4081-B0B8-ACFBBD6BFA28}.Debug|Any CPU.ActiveCfg = Debug|Any CPU
		{5088657E-AC3F-4081-B0B8-ACFBBD6BFA28}.Debug|Any CPU.Build.0 = Debug|Any CPU
		{5088657E-AC3F-4081-B0B8-ACFBBD6BFA28}.Debug|x86.ActiveCfg = Debug|Any CPU
		{5088657E-AC3F-4081-B0B8-ACFBBD6BFA28}.Release|Any CPU.ActiveCfg = Release|Any CPU
		{5088657E-AC3F-4081-B0B8-ACFBBD6BFA28}.Release|Any CPU.Build.0 = Release|Any CPU
		{5088657E-AC3F-4081-B0B8-ACFBBD6BFA28}.Release|x86.ActiveCfg = Release|Any CPU
		{E55F2D87-CBA5-48CE-AF6E-FBF069084BAF}.Debug|Any CPU.ActiveCfg = Debug|Any CPU
		{E55F2D87-CBA5-48CE-AF6E-FBF069084BAF}.Debug|Any CPU.Build.0 = Debug|Any CPU
		{E55F2D87-CBA5-48CE-AF6E-FBF069084BAF}.Debug|x86.ActiveCfg = Debug|Any CPU
		{E55F2D87-CBA5-48CE-AF6E-FBF069084BAF}.Release|Any CPU.ActiveCfg = Release|Any CPU
		{E55F2D87-CBA5-48CE-AF6E-FBF069084BAF}.Release|Any CPU.Build.0 = Release|Any CPU
		{E55F2D87-CBA5-48CE-AF6E-FBF069084BAF}.Release|x86.ActiveCfg = Release|Any CPU
		{ECE2E2E8-648C-4561-82A0-9A1D6A2D4645}.Debug|Any CPU.ActiveCfg = Debug|Any CPU
		{ECE2E2E8-648C-4561-82A0-9A1D6A2D4645}.Debug|Any CPU.Build.0 = Debug|Any CPU
		{ECE2E2E8-648C-4561-82A0-9A1D6A2D4645}.Debug|x86.ActiveCfg = Debug|Any CPU
		{ECE2E2E8-648C-4561-82A0-9A1D6A2D4645}.Release|Any CPU.ActiveCfg = Release|Any CPU
		{ECE2E2E8-648C-4561-82A0-9A1D6A2D4645}.Release|Any CPU.Build.0 = Release|Any CPU
		{ECE2E2E8-648C-4561-82A0-9A1D6A2D4645}.Release|x86.ActiveCfg = Release|Any CPU
		{7A3419B2-588C-416B-A9F3-BFAE77C22D77}.Debug|Any CPU.ActiveCfg = Debug|Any CPU
		{7A3419B2-588C-416B-A9F3-BFAE77C22D77}.Debug|Any CPU.Build.0 = Debug|Any CPU
		{7A3419B2-588C-416B-A9F3-BFAE77C22D77}.Debug|x86.ActiveCfg = Debug|Any CPU
		{7A3419B2-588C-416B-A9F3-BFAE77C22D77}.Release|Any CPU.ActiveCfg = Release|Any CPU
		{7A3419B2-588C-416B-A9F3-BFAE77C22D77}.Release|Any CPU.Build.0 = Release|Any CPU
		{7A3419B2-588C-416B-A9F3-BFAE77C22D77}.Release|x86.ActiveCfg = Release|Any CPU
		{2489CF5D-6CEE-44C7-825D-521383275DB7}.Debug|Any CPU.ActiveCfg = Debug|Any CPU
		{2489CF5D-6CEE-44C7-825D-521383275DB7}.Debug|Any CPU.Build.0 = Debug|Any CPU
		{2489CF5D-6CEE-44C7-825D-521383275DB7}.Debug|x86.ActiveCfg = Debug|Any CPU
		{2489CF5D-6CEE-44C7-825D-521383275DB7}.Release|Any CPU.ActiveCfg = Release|Any CPU
		{2489CF5D-6CEE-44C7-825D-521383275DB7}.Release|Any CPU.Build.0 = Release|Any CPU
		{2489CF5D-6CEE-44C7-825D-521383275DB7}.Release|x86.ActiveCfg = Release|Any CPU
	EndGlobalSection
	GlobalSection(SolutionProperties) = preSolution
		HideSolutionNode = FALSE
	EndGlobalSection
	GlobalSection(NestedProjects) = preSolution
		{01F84441-80D3-49B4-AB18-96894ACB2F90} = {086A35E7-E3B8-449E-83A3-25A540148B86}
		{50E98525-806C-41E3-9366-D36B1CD936D0} = {086A35E7-E3B8-449E-83A3-25A540148B86}
		{AA90754B-CA47-429E-BDC8-2A83E94179B7} = {086A35E7-E3B8-449E-83A3-25A540148B86}
		{2558F4AD-8D5D-43A2-AAEA-75B966F9B4DE} = {4EAA1C9A-E268-4BA7-A73E-940E3D769C3A}
		{99BE6129-C5C4-45A5-94AB-0ADEA0A6AD53} = {4EAA1C9A-E268-4BA7-A73E-940E3D769C3A}
		{629CA40F-74CF-4040-8CAD-5EFEDD06BCFE} = {4EAA1C9A-E268-4BA7-A73E-940E3D769C3A}
		{E421E735-2833-4948-9BA0-94924BDC502E} = {4EAA1C9A-E268-4BA7-A73E-940E3D769C3A}
		{EA93A91D-7BC9-4EC0-8A22-8A772AFD76C3} = {4EAA1C9A-E268-4BA7-A73E-940E3D769C3A}
		{7714E2D3-372D-4B0A-9393-F7A0EDA331F5} = {4EAA1C9A-E268-4BA7-A73E-940E3D769C3A}
		{DD28A7E6-A864-43F1-AB94-FC854ADD9AA0} = {4EAA1C9A-E268-4BA7-A73E-940E3D769C3A}
		{2EAA3A87-4D94-4044-8641-B4E04E5774D8} = {4EAA1C9A-E268-4BA7-A73E-940E3D769C3A}
		{3624C541-6D6E-4AAC-B70A-7A769FB5C442} = {4EAA1C9A-E268-4BA7-A73E-940E3D769C3A}
		{923B7912-224A-4CB1-BA34-D18A9E1EAB66} = {4EAA1C9A-E268-4BA7-A73E-940E3D769C3A}
		{778A871A-CEB4-4AF1-81CC-EA532EC05067} = {4EAA1C9A-E268-4BA7-A73E-940E3D769C3A}
		{9B796256-E9D6-4F21-BB89-C5333A880BFE} = {4EAA1C9A-E268-4BA7-A73E-940E3D769C3A}
		{86D87653-EC64-4388-A5F7-2F64F690C5F5} = {4EAA1C9A-E268-4BA7-A73E-940E3D769C3A}
		{EEBD674D-B482-4A84-9C4C-3EECCDA14369} = {4EAA1C9A-E268-4BA7-A73E-940E3D769C3A}
		{8478A8FA-7295-4098-866D-47F458C766C8} = {84A6E29C-BC29-4348-BA51-4218E75CED1A}
		{963C0C88-DCB6-4944-94EC-728CBB3C2778} = {84A6E29C-BC29-4348-BA51-4218E75CED1A}
		{E7C55656-EC73-4802-9ED4-1BC321C86ABA} = {84A6E29C-BC29-4348-BA51-4218E75CED1A}
		{CF0635EB-DFA4-4E82-B245-A0F125183E08} = {8478A8FA-7295-4098-866D-47F458C766C8}
		{2AD8FF74-531A-42B2-8976-B26B78C979E2} = {8478A8FA-7295-4098-866D-47F458C766C8}
		{BD0344CC-E61E-4BC6-8782-0AC0390F48FD} = {8478A8FA-7295-4098-866D-47F458C766C8}
		{705805EF-47BE-48A8-A359-CA999169E445} = {8478A8FA-7295-4098-866D-47F458C766C8}
		{D01CE8F6-800E-44CC-886B-F862B10E1396} = {8478A8FA-7295-4098-866D-47F458C766C8}
		{4DFE50BE-A76C-4FD2-904C-BD929FF0C32A} = {8478A8FA-7295-4098-866D-47F458C766C8}
		{97B83914-6A1A-4EF4-AE40-F5CE4FA48FA8} = {963C0C88-DCB6-4944-94EC-728CBB3C2778}
		{5EF85227-BF8E-4A19-8496-2A3BB500E27C} = {963C0C88-DCB6-4944-94EC-728CBB3C2778}
		{B233A995-93BA-4B6F-8227-EF2A57C750BD} = {963C0C88-DCB6-4944-94EC-728CBB3C2778}
		{5088657E-AC3F-4081-B0B8-ACFBBD6BFA28} = {963C0C88-DCB6-4944-94EC-728CBB3C2778}
		{E55F2D87-CBA5-48CE-AF6E-FBF069084BAF} = {963C0C88-DCB6-4944-94EC-728CBB3C2778}
		{ECE2E2E8-648C-4561-82A0-9A1D6A2D4645} = {E7C55656-EC73-4802-9ED4-1BC321C86ABA}
		{7A3419B2-588C-416B-A9F3-BFAE77C22D77} = {E7C55656-EC73-4802-9ED4-1BC321C86ABA}
		{2489CF5D-6CEE-44C7-825D-521383275DB7} = {E7C55656-EC73-4802-9ED4-1BC321C86ABA}
	EndGlobalSection
EndGlobal
