
Microsoft Visual Studio Solution File, Format Version 11.00
# Visual Studio 2010
Project("{FAE04EC0-301F-11D3-BF4B-00C04F79EFBC}") = "Sample.Commands", "src\Sample.Commands\Sample.Commands.csproj", "{107CC343-852F-4892-8332-6433C406C813}"
EndProject
Project("{FAE04EC0-301F-11D3-BF4B-00C04F79EFBC}") = "Sample.Domain", "src\Sample.Domain\Sample.Domain.csproj", "{691CDC67-DE8F-4401-881C-0243108A4AF6}"
EndProject
Project("{FAE04EC0-301F-11D3-BF4B-00C04F79EFBC}") = "Sample.Events", "src\Sample.Events\Sample.Events.csproj", "{EED221DB-3832-4256-AA3D-A7BA2DBC8C9D}"
EndProject
Project("{FAE04EC0-301F-11D3-BF4B-00C04F79EFBC}") = "Sample.ReadModel", "src\Sample.ReadModel\Sample.ReadModel.csproj", "{E6068534-A545-4264-B455-A95407D972F3}"
EndProject
Project("{FAE04EC0-301F-11D3-BF4B-00C04F79EFBC}") = "Sample.UI", "src\Sample.UI\Sample.UI.csproj", "{AFF0DB5A-5810-4DDE-AC88-CAEB94CDB8FB}"
EndProject
Project("{FAE04EC0-301F-11D3-BF4B-00C04F79EFBC}") = "Sample.UI.ColloredUdpConsoleForLogging", "src\Sample.UI.ColloredUdpConsoleForLogging\Sample.UI.ColloredUdpConsoleForLogging.csproj", "{A98480D2-931D-487A-99E5-63550809D74B}"
EndProject
Global
	GlobalSection(SolutionConfigurationPlatforms) = preSolution
		Debug|Any CPU = Debug|Any CPU
		Debug|Mixed Platforms = Debug|Mixed Platforms
		Debug|x86 = Debug|x86
		Release|Any CPU = Release|Any CPU
		Release|Mixed Platforms = Release|Mixed Platforms
		Release|x86 = Release|x86
	EndGlobalSection
	GlobalSection(ProjectConfigurationPlatforms) = postSolution
		{107CC343-852F-4892-8332-6433C406C813}.Debug|Any CPU.ActiveCfg = Debug|Any CPU
		{107CC343-852F-4892-8332-6433C406C813}.Debug|Any CPU.Build.0 = Debug|Any CPU
		{107CC343-852F-4892-8332-6433C406C813}.Debug|Mixed Platforms.ActiveCfg = Debug|Any CPU
		{107CC343-852F-4892-8332-6433C406C813}.Debug|Mixed Platforms.Build.0 = Debug|Any CPU
		{107CC343-852F-4892-8332-6433C406C813}.Debug|x86.ActiveCfg = Debug|Any CPU
		{107CC343-852F-4892-8332-6433C406C813}.Release|Any CPU.ActiveCfg = Release|Any CPU
		{107CC343-852F-4892-8332-6433C406C813}.Release|Any CPU.Build.0 = Release|Any CPU
		{107CC343-852F-4892-8332-6433C406C813}.Release|Mixed Platforms.ActiveCfg = Release|Any CPU
		{107CC343-852F-4892-8332-6433C406C813}.Release|Mixed Platforms.Build.0 = Release|Any CPU
		{107CC343-852F-4892-8332-6433C406C813}.Release|x86.ActiveCfg = Release|Any CPU
		{691CDC67-DE8F-4401-881C-0243108A4AF6}.Debug|Any CPU.ActiveCfg = Debug|Any CPU
		{691CDC67-DE8F-4401-881C-0243108A4AF6}.Debug|Any CPU.Build.0 = Debug|Any CPU
		{691CDC67-DE8F-4401-881C-0243108A4AF6}.Debug|Mixed Platforms.ActiveCfg = Debug|Any CPU
		{691CDC67-DE8F-4401-881C-0243108A4AF6}.Debug|Mixed Platforms.Build.0 = Debug|Any CPU
		{691CDC67-DE8F-4401-881C-0243108A4AF6}.Debug|x86.ActiveCfg = Debug|Any CPU
		{691CDC67-DE8F-4401-881C-0243108A4AF6}.Release|Any CPU.ActiveCfg = Release|Any CPU
		{691CDC67-DE8F-4401-881C-0243108A4AF6}.Release|Any CPU.Build.0 = Release|Any CPU
		{691CDC67-DE8F-4401-881C-0243108A4AF6}.Release|Mixed Platforms.ActiveCfg = Release|Any CPU
		{691CDC67-DE8F-4401-881C-0243108A4AF6}.Release|Mixed Platforms.Build.0 = Release|Any CPU
		{691CDC67-DE8F-4401-881C-0243108A4AF6}.Release|x86.ActiveCfg = Release|Any CPU
		{EED221DB-3832-4256-AA3D-A7BA2DBC8C9D}.Debug|Any CPU.ActiveCfg = Debug|Any CPU
		{EED221DB-3832-4256-AA3D-A7BA2DBC8C9D}.Debug|Any CPU.Build.0 = Debug|Any CPU
		{EED221DB-3832-4256-AA3D-A7BA2DBC8C9D}.Debug|Mixed Platforms.ActiveCfg = Debug|Any CPU
		{EED221DB-3832-4256-AA3D-A7BA2DBC8C9D}.Debug|Mixed Platforms.Build.0 = Debug|Any CPU
		{EED221DB-3832-4256-AA3D-A7BA2DBC8C9D}.Debug|x86.ActiveCfg = Debug|Any CPU
		{EED221DB-3832-4256-AA3D-A7BA2DBC8C9D}.Release|Any CPU.ActiveCfg = Release|Any CPU
		{EED221DB-3832-4256-AA3D-A7BA2DBC8C9D}.Release|Any CPU.Build.0 = Release|Any CPU
		{EED221DB-3832-4256-AA3D-A7BA2DBC8C9D}.Release|Mixed Platforms.ActiveCfg = Release|Any CPU
		{EED221DB-3832-4256-AA3D-A7BA2DBC8C9D}.Release|Mixed Platforms.Build.0 = Release|Any CPU
		{EED221DB-3832-4256-AA3D-A7BA2DBC8C9D}.Release|x86.ActiveCfg = Release|Any CPU
		{E6068534-A545-4264-B455-A95407D972F3}.Debug|Any CPU.ActiveCfg = Debug|Any CPU
		{E6068534-A545-4264-B455-A95407D972F3}.Debug|Any CPU.Build.0 = Debug|Any CPU
		{E6068534-A545-4264-B455-A95407D972F3}.Debug|Mixed Platforms.ActiveCfg = Debug|Any CPU
		{E6068534-A545-4264-B455-A95407D972F3}.Debug|Mixed Platforms.Build.0 = Debug|Any CPU
		{E6068534-A545-4264-B455-A95407D972F3}.Debug|x86.ActiveCfg = Debug|Any CPU
		{E6068534-A545-4264-B455-A95407D972F3}.Release|Any CPU.ActiveCfg = Release|Any CPU
		{E6068534-A545-4264-B455-A95407D972F3}.Release|Any CPU.Build.0 = Release|Any CPU
		{E6068534-A545-4264-B455-A95407D972F3}.Release|Mixed Platforms.ActiveCfg = Release|Any CPU
		{E6068534-A545-4264-B455-A95407D972F3}.Release|Mixed Platforms.Build.0 = Release|Any CPU
		{E6068534-A545-4264-B455-A95407D972F3}.Release|x86.ActiveCfg = Release|Any CPU
		{AFF0DB5A-5810-4DDE-AC88-CAEB94CDB8FB}.Debug|Any CPU.ActiveCfg = Debug|Any CPU
		{AFF0DB5A-5810-4DDE-AC88-CAEB94CDB8FB}.Debug|Any CPU.Build.0 = Debug|Any CPU
		{AFF0DB5A-5810-4DDE-AC88-CAEB94CDB8FB}.Debug|Mixed Platforms.ActiveCfg = Debug|Any CPU
		{AFF0DB5A-5810-4DDE-AC88-CAEB94CDB8FB}.Debug|Mixed Platforms.Build.0 = Debug|Any CPU
		{AFF0DB5A-5810-4DDE-AC88-CAEB94CDB8FB}.Debug|x86.ActiveCfg = Debug|Any CPU
		{AFF0DB5A-5810-4DDE-AC88-CAEB94CDB8FB}.Release|Any CPU.ActiveCfg = Release|Any CPU
		{AFF0DB5A-5810-4DDE-AC88-CAEB94CDB8FB}.Release|Any CPU.Build.0 = Release|Any CPU
		{AFF0DB5A-5810-4DDE-AC88-CAEB94CDB8FB}.Release|Mixed Platforms.ActiveCfg = Release|Any CPU
		{AFF0DB5A-5810-4DDE-AC88-CAEB94CDB8FB}.Release|Mixed Platforms.Build.0 = Release|Any CPU
		{AFF0DB5A-5810-4DDE-AC88-CAEB94CDB8FB}.Release|x86.ActiveCfg = Release|Any CPU
		{A98480D2-931D-487A-99E5-63550809D74B}.Debug|Any CPU.ActiveCfg = Debug|x86
		{A98480D2-931D-487A-99E5-63550809D74B}.Debug|Mixed Platforms.ActiveCfg = Debug|x86
		{A98480D2-931D-487A-99E5-63550809D74B}.Debug|Mixed Platforms.Build.0 = Debug|x86
		{A98480D2-931D-487A-99E5-63550809D74B}.Debug|x86.ActiveCfg = Debug|x86
		{A98480D2-931D-487A-99E5-63550809D74B}.Debug|x86.Build.0 = Debug|x86
		{A98480D2-931D-487A-99E5-63550809D74B}.Release|Any CPU.ActiveCfg = Release|x86
		{A98480D2-931D-487A-99E5-63550809D74B}.Release|Mixed Platforms.ActiveCfg = Release|x86
		{A98480D2-931D-487A-99E5-63550809D74B}.Release|Mixed Platforms.Build.0 = Release|x86
		{A98480D2-931D-487A-99E5-63550809D74B}.Release|x86.ActiveCfg = Release|x86
		{A98480D2-931D-487A-99E5-63550809D74B}.Release|x86.Build.0 = Release|x86
	EndGlobalSection
	GlobalSection(SolutionProperties) = preSolution
		HideSolutionNode = FALSE
	EndGlobalSection
EndGlobal
