
Microsoft Visual Studio Solution File, Format Version 11.00
# Visual Studio 2010
Project("{FAE04EC0-301F-11D3-BF4B-00C04F79EFBC}") = "AppV1", "src\Appv1\AppV1.csproj", "{ECE2E2E8-648C-4561-82A0-9A1D6A2D4645}"
EndProject
Project("{FAE04EC0-301F-11D3-BF4B-00C04F79EFBC}") = "AppV2", "src\AppV2\AppV2.csproj", "{7A3419B2-588C-416B-A9F3-BFAE77C22D77}"
EndProject
Project("{FAE04EC0-301F-11D3-BF4B-00C04F79EFBC}") = "AppV3", "src\AppV3\AppV3.csproj", "{2489CF5D-6CEE-44C7-825D-521383275DB7}"
EndProject
Project("{2150E333-8FDC-42A3-9474-1A3956D46DE8}") = "Solution Items", "Solution Items", "{31722300-C646-4F62-BD32-F7BE572B9A6E}"
	ProjectSection(SolutionItems) = preProject
		src\App.config = src\App.config
		CreateEventStore.sql = CreateEventStore.sql
		readme.txt = readme.txt
	EndProjectSection
EndProject
Project("{FAE04EC0-301F-11D3-BF4B-00C04F79EFBC}") = "Ncqrs", "..\..\Framework\src\Ncqrs\Ncqrs.csproj", "{01F84441-80D3-49B4-AB18-96894ACB2F90}"
EndProject
Global
	GlobalSection(SolutionConfigurationPlatforms) = preSolution
		Debug|Any CPU = Debug|Any CPU
		Release|Any CPU = Release|Any CPU
	EndGlobalSection
	GlobalSection(ProjectConfigurationPlatforms) = postSolution
		{ECE2E2E8-648C-4561-82A0-9A1D6A2D4645}.Debug|Any CPU.ActiveCfg = Debug|Any CPU
		{ECE2E2E8-648C-4561-82A0-9A1D6A2D4645}.Debug|Any CPU.Build.0 = Debug|Any CPU
		{ECE2E2E8-648C-4561-82A0-9A1D6A2D4645}.Release|Any CPU.ActiveCfg = Release|x86
		{7A3419B2-588C-416B-A9F3-BFAE77C22D77}.Debug|Any CPU.ActiveCfg = Debug|Any CPU
		{7A3419B2-588C-416B-A9F3-BFAE77C22D77}.Debug|Any CPU.Build.0 = Debug|Any CPU
		{7A3419B2-588C-416B-A9F3-BFAE77C22D77}.Release|Any CPU.ActiveCfg = Release|x86
		{2489CF5D-6CEE-44C7-825D-521383275DB7}.Debug|Any CPU.ActiveCfg = Debug|Any CPU
		{2489CF5D-6CEE-44C7-825D-521383275DB7}.Debug|Any CPU.Build.0 = Debug|Any CPU
		{2489CF5D-6CEE-44C7-825D-521383275DB7}.Release|Any CPU.ActiveCfg = Release|x86
		{01F84441-80D3-49B4-AB18-96894ACB2F90}.Debug|Any CPU.ActiveCfg = Debug|Any CPU
		{01F84441-80D3-49B4-AB18-96894ACB2F90}.Debug|Any CPU.Build.0 = Debug|Any CPU
		{01F84441-80D3-49B4-AB18-96894ACB2F90}.Release|Any CPU.ActiveCfg = Release|Any CPU
		{01F84441-80D3-49B4-AB18-96894ACB2F90}.Release|Any CPU.Build.0 = Release|Any CPU
	EndGlobalSection
	GlobalSection(SolutionProperties) = preSolution
		HideSolutionNode = FALSE
	EndGlobalSection
EndGlobal
