
Microsoft Visual Studio Solution File, Format Version 11.00
# Visual Studio 2010
Project("{FAE04EC0-301F-11D3-BF4B-00C04F79EFBC}") = "Client", "Client\Client.csproj", "{97B83914-6A1A-4EF4-AE40-F5CE4FA48FA8}"
EndProject
Project("{FAE04EC0-301F-11D3-BF4B-00C04F79EFBC}") = "Commands", "Commands\Commands.csproj", "{5EF85227-BF8E-4A19-8496-2A3BB500E27C}"
EndProject
Project("{FAE04EC0-301F-11D3-BF4B-00C04F79EFBC}") = "Domain", "Domain\Domain.csproj", "{B233A995-93BA-4B6F-8227-EF2A57C750BD}"
EndProject
Project("{FAE04EC0-301F-11D3-BF4B-00C04F79EFBC}") = "Events", "Events\Events.csproj", "{5088657E-AC3F-4081-B0B8-ACFBBD6BFA28}"
EndProject
Project("{FAE04EC0-301F-11D3-BF4B-00C04F79EFBC}") = "Server", "Server\Server.csproj", "{E55F2D87-CBA5-48CE-AF6E-FBF069084BAF}"
EndProject
Global
	GlobalSection(SolutionConfigurationPlatforms) = preSolution
		Debug|Any CPU = Debug|Any CPU
		Release|Any CPU = Release|Any CPU
	EndGlobalSection
	GlobalSection(ProjectConfigurationPlatforms) = postSolution
		{97B83914-6A1A-4EF4-AE40-F5CE4FA48FA8}.Debug|Any CPU.ActiveCfg = Debug|Any CPU
		{97B83914-6A1A-4EF4-AE40-F5CE4FA48FA8}.Debug|Any CPU.Build.0 = Debug|Any CPU
		{97B83914-6A1A-4EF4-AE40-F5CE4FA48FA8}.Release|Any CPU.ActiveCfg = Release|Any CPU
		{97B83914-6A1A-4EF4-AE40-F5CE4FA48FA8}.Release|Any CPU.Build.0 = Release|Any CPU
		{5EF85227-BF8E-4A19-8496-2A3BB500E27C}.Debug|Any CPU.ActiveCfg = Debug|Any CPU
		{5EF85227-BF8E-4A19-8496-2A3BB500E27C}.Debug|Any CPU.Build.0 = Debug|Any CPU
		{5EF85227-BF8E-4A19-8496-2A3BB500E27C}.Release|Any CPU.ActiveCfg = Release|Any CPU
		{5EF85227-BF8E-4A19-8496-2A3BB500E27C}.Release|Any CPU.Build.0 = Release|Any CPU
		{B233A995-93BA-4B6F-8227-EF2A57C750BD}.Debug|Any CPU.ActiveCfg = Debug|Any CPU
		{B233A995-93BA-4B6F-8227-EF2A57C750BD}.Debug|Any CPU.Build.0 = Debug|Any CPU
		{B233A995-93BA-4B6F-8227-EF2A57C750BD}.Release|Any CPU.ActiveCfg = Release|Any CPU
		{B233A995-93BA-4B6F-8227-EF2A57C750BD}.Release|Any CPU.Build.0 = Release|Any CPU
		{5088657E-AC3F-4081-B0B8-ACFBBD6BFA28}.Debug|Any CPU.ActiveCfg = Debug|Any CPU
		{5088657E-AC3F-4081-B0B8-ACFBBD6BFA28}.Debug|Any CPU.Build.0 = Debug|Any CPU
		{5088657E-AC3F-4081-B0B8-ACFBBD6BFA28}.Release|Any CPU.ActiveCfg = Release|Any CPU
		{5088657E-AC3F-4081-B0B8-ACFBBD6BFA28}.Release|Any CPU.Build.0 = Release|Any CPU
		{E55F2D87-CBA5-48CE-AF6E-FBF069084BAF}.Debug|Any CPU.ActiveCfg = Debug|Any CPU
		{E55F2D87-CBA5-48CE-AF6E-FBF069084BAF}.Debug|Any CPU.Build.0 = Debug|Any CPU
		{E55F2D87-CBA5-48CE-AF6E-FBF069084BAF}.Release|Any CPU.ActiveCfg = Release|Any CPU
		{E55F2D87-CBA5-48CE-AF6E-FBF069084BAF}.Release|Any CPU.Build.0 = Release|Any CPU
	EndGlobalSection
	GlobalSection(SolutionProperties) = preSolution
		HideSolutionNode = FALSE
	EndGlobalSection
EndGlobal
