Microsoft Visual Studio Solution File, Format Version 12.00
# Visual Studio 2012
Project("{2150E333-8FDC-42A3-9474-1A3956D46DE8}") = "src", "src", "{42A85FDD-682B-4A1A-866B-9A5F884AA6B2}"
EndProject
Project("{FAE04EC0-301F-11D3-BF4B-00C04F79EFBC}") = "MyNotes.Commands", "src\MyNotes.Commands\MyNotes.Commands.csproj", "{13F7E151-60CE-45DB-B550-584BB387A4D2}"
EndProject
Project("{FAE04EC0-301F-11D3-BF4B-00C04F79EFBC}") = "MyNotes.Events", "src\MyNotes.Events\MyNotes.Events.csproj", "{77193289-0CC7-455F-97DE-F624704A3A5C}"
EndProject
Project("{FAE04EC0-301F-11D3-BF4B-00C04F79EFBC}") = "MyNotes.ReadModel", "src\MyNotes.ReadModel\MyNotes.ReadModel.csproj", "{387070D4-0B68-4C1B-BA6F-F5E4D36CFE76}"
EndProject
Project("{FAE04EC0-301F-11D3-BF4B-00C04F79EFBC}") = "MyNotes.Domain", "src\MyNotes.Domain\MyNotes.Domain.csproj", "{CEE5208B-411C-4DA8-956A-8ADDFC01F640}"
EndProject
Project("{FAE04EC0-301F-11D3-BF4B-00C04F79EFBC}") = "MyNotes.Denormalizers", "src\MyNotes.Denormalizers\MyNotes.Denormalizers.csproj", "{AD4299B0-414C-41B3-B703-A231E0A1CC03}"
EndProject
Project("{FAE04EC0-301F-11D3-BF4B-00C04F79EFBC}") = "MyNotes.ApplicationService", "src\MyNotes.ApplicationService\MyNotes.ApplicationService.csproj", "{47699601-28F4-4CDE-A50F-2AE9C283223E}"
EndProject
Project("{FAE04EC0-301F-11D3-BF4B-00C04F79EFBC}") = "MyNotes.Web.MVC4", "src\MyNotes.Web.MVC4\MyNotes.Web.MVC4.csproj", "{09A3C99B-7518-4FDF-8625-589EAB112B82}"
EndProject
Project("{2150E333-8FDC-42A3-9474-1A3956D46DE8}") = "sqlexpress", "sqlexpress", "{BBEDB47C-10D9-46D2-8D9E-68C7F9FD8EEC}"
	ProjectSection(SolutionItems) = preProject
		sqlexpress\MyNotesReadModel.sql = sqlexpress\MyNotesReadModel.sql
	EndProjectSection
EndProject
Project("{2150E333-8FDC-42A3-9474-1A3956D46DE8}") = "Solution Items", "Solution Items", "{82C043AA-2536-4D6D-808A-30A094F75B11}"
	ProjectSection(SolutionItems) = preProject
		README.md = README.md
	EndProjectSection
EndProject
Global
	GlobalSection(SolutionConfigurationPlatforms) = preSolution
		Debug|Any CPU = Debug|Any CPU
		Release|Any CPU = Release|Any CPU
	EndGlobalSection
	GlobalSection(ProjectConfigurationPlatforms) = postSolution
		{13F7E151-60CE-45DB-B550-584BB387A4D2}.Debug|Any CPU.ActiveCfg = Debug|Any CPU
		{13F7E151-60CE-45DB-B550-584BB387A4D2}.Debug|Any CPU.Build.0 = Debug|Any CPU
		{13F7E151-60CE-45DB-B550-584BB387A4D2}.Release|Any CPU.ActiveCfg = Release|Any CPU
		{13F7E151-60CE-45DB-B550-584BB387A4D2}.Release|Any CPU.Build.0 = Release|Any CPU
		{77193289-0CC7-455F-97DE-F624704A3A5C}.Debug|Any CPU.ActiveCfg = Debug|Any CPU
		{77193289-0CC7-455F-97DE-F624704A3A5C}.Debug|Any CPU.Build.0 = Debug|Any CPU
		{77193289-0CC7-455F-97DE-F624704A3A5C}.Release|Any CPU.ActiveCfg = Release|Any CPU
		{77193289-0CC7-455F-97DE-F624704A3A5C}.Release|Any CPU.Build.0 = Release|Any CPU
		{387070D4-0B68-4C1B-BA6F-F5E4D36CFE76}.Debug|Any CPU.ActiveCfg = Debug|Any CPU
		{387070D4-0B68-4C1B-BA6F-F5E4D36CFE76}.Debug|Any CPU.Build.0 = Debug|Any CPU
		{387070D4-0B68-4C1B-BA6F-F5E4D36CFE76}.Release|Any CPU.ActiveCfg = Release|Any CPU
		{387070D4-0B68-4C1B-BA6F-F5E4D36CFE76}.Release|Any CPU.Build.0 = Release|Any CPU
		{CEE5208B-411C-4DA8-956A-8ADDFC01F640}.Debug|Any CPU.ActiveCfg = Debug|Any CPU
		{CEE5208B-411C-4DA8-956A-8ADDFC01F640}.Debug|Any CPU.Build.0 = Debug|Any CPU
		{CEE5208B-411C-4DA8-956A-8ADDFC01F640}.Release|Any CPU.ActiveCfg = Release|Any CPU
		{CEE5208B-411C-4DA8-956A-8ADDFC01F640}.Release|Any CPU.Build.0 = Release|Any CPU
		{AD4299B0-414C-41B3-B703-A231E0A1CC03}.Debug|Any CPU.ActiveCfg = Debug|Any CPU
		{AD4299B0-414C-41B3-B703-A231E0A1CC03}.Debug|Any CPU.Build.0 = Debug|Any CPU
		{AD4299B0-414C-41B3-B703-A231E0A1CC03}.Release|Any CPU.ActiveCfg = Release|Any CPU
		{AD4299B0-414C-41B3-B703-A231E0A1CC03}.Release|Any CPU.Build.0 = Release|Any CPU
		{47699601-28F4-4CDE-A50F-2AE9C283223E}.Debug|Any CPU.ActiveCfg = Debug|Any CPU
		{47699601-28F4-4CDE-A50F-2AE9C283223E}.Debug|Any CPU.Build.0 = Debug|Any CPU
		{47699601-28F4-4CDE-A50F-2AE9C283223E}.Release|Any CPU.ActiveCfg = Release|Any CPU
		{47699601-28F4-4CDE-A50F-2AE9C283223E}.Release|Any CPU.Build.0 = Release|Any CPU
		{09A3C99B-7518-4FDF-8625-589EAB112B82}.Debug|Any CPU.ActiveCfg = Debug|Any CPU
		{09A3C99B-7518-4FDF-8625-589EAB112B82}.Debug|Any CPU.Build.0 = Debug|Any CPU
		{09A3C99B-7518-4FDF-8625-589EAB112B82}.Release|Any CPU.ActiveCfg = Release|Any CPU
		{09A3C99B-7518-4FDF-8625-589EAB112B82}.Release|Any CPU.Build.0 = Release|Any CPU
	EndGlobalSection
	GlobalSection(SolutionProperties) = preSolution
		HideSolutionNode = FALSE
	EndGlobalSection
	GlobalSection(NestedProjects) = preSolution
		{13F7E151-60CE-45DB-B550-584BB387A4D2} = {42A85FDD-682B-4A1A-866B-9A5F884AA6B2}
		{77193289-0CC7-455F-97DE-F624704A3A5C} = {42A85FDD-682B-4A1A-866B-9A5F884AA6B2}
		{387070D4-0B68-4C1B-BA6F-F5E4D36CFE76} = {42A85FDD-682B-4A1A-866B-9A5F884AA6B2}
		{CEE5208B-411C-4DA8-956A-8ADDFC01F640} = {42A85FDD-682B-4A1A-866B-9A5F884AA6B2}
		{AD4299B0-414C-41B3-B703-A231E0A1CC03} = {42A85FDD-682B-4A1A-866B-9A5F884AA6B2}
		{47699601-28F4-4CDE-A50F-2AE9C283223E} = {42A85FDD-682B-4A1A-866B-9A5F884AA6B2}
		{09A3C99B-7518-4FDF-8625-589EAB112B82} = {42A85FDD-682B-4A1A-866B-9A5F884AA6B2}
	EndGlobalSection
EndGlobal
