
Microsoft Visual Studio Solution File, Format Version 11.00
# Visual Studio 2010
Project("{FAE04EC0-301F-11D3-BF4B-00C04F79EFBC}") = "Ncqrs.Commands", "Framework\Ncqrs.Commands\Ncqrs.Commands.csproj", "{667C1A88-8173-454D-B44F-CE9B27CC0548}"
EndProject
Project("{FAE04EC0-301F-11D3-BF4B-00C04F79EFBC}") = "Ncqrs.CommandHandling", "Framework\Ncqrs.CommandHandling\Ncqrs.CommandHandling.csproj", "{46FD95B7-ADBE-465D-989D-D316CA7887D4}"
EndProject
Project("{FAE04EC0-301F-11D3-BF4B-00C04F79EFBC}") = "Ncqrs.Domain", "Framework\Ncqrs.Domain\Ncqrs.Domain.csproj", "{FC2478FB-2B60-491F-A1D8-B9C6D869B2F8}"
EndProject
Project("{FAE04EC0-301F-11D3-BF4B-00C04F79EFBC}") = "Ncqrs.Eventing.Bus", "Framework\Ncqrs.Eventing.Bus\Ncqrs.Eventing.Bus.csproj", "{0610E5DC-D7B5-4923-BB9B-52E1CD58E09C}"
EndProject
Project("{FAE04EC0-301F-11D3-BF4B-00C04F79EFBC}") = "Ncqrs.Eventing", "Framework\Ncqrs.Eventing\Ncqrs.Eventing.csproj", "{56D48F9D-29F4-4E77-86B1-D988EAC1DF42}"
EndProject
Project("{FAE04EC0-301F-11D3-BF4B-00C04F79EFBC}") = "Ncqrs.Denormalization", "Framework\Ncqrs.Denormalization\Ncqrs.Denormalization.csproj", "{15EFC9E0-F103-4E90-90E8-4D1E98AB86A7}"
EndProject
Project("{FAE04EC0-301F-11D3-BF4B-00C04F79EFBC}") = "Ncqrs.Eventing.Storage.MongoDB", "Framework\Ncqrs.Eventing.Storage.MongoDB\Ncqrs.Eventing.Storage.MongoDB.csproj", "{E421E735-2833-4948-9BA0-94924BDC502E}"
EndProject
Project("{2150E333-8FDC-42A3-9474-1A3956D46DE8}") = "Framework", "Framework", "{F1E23106-EA1A-4880-9405-23143EC1E404}"
EndProject
Project("{2150E333-8FDC-42A3-9474-1A3956D46DE8}") = "Sample", "Sample", "{D3D021A6-14D4-49A6-BDCD-FDA38746FF10}"
EndProject
Project("{FAE04EC0-301F-11D3-BF4B-00C04F79EFBC}") = "Sample.Domain", "Sample\Sample.Domain\Sample.Domain.csproj", "{691CDC67-DE8F-4401-881C-0243108A4AF6}"
EndProject
Project("{FAE04EC0-301F-11D3-BF4B-00C04F79EFBC}") = "Sample.Events", "Sample\Sample.Events\Sample.Events.csproj", "{EED221DB-3832-4256-AA3D-A7BA2DBC8C9D}"
EndProject
Project("{FAE04EC0-301F-11D3-BF4B-00C04F79EFBC}") = "Sample.Commands", "Sample\Sample.Commands\Sample.Commands.csproj", "{107CC343-852F-4892-8332-6433C406C813}"
EndProject
Project("{FAE04EC0-301F-11D3-BF4B-00C04F79EFBC}") = "Sample.ReadModel", "Sample\Sample.ReadModel\Sample.ReadModel.csproj", "{E6068534-A545-4264-B455-A95407D972F3}"
EndProject
Project("{FAE04EC0-301F-11D3-BF4B-00C04F79EFBC}") = "Sample.UI", "Sample\Sample.UI\Sample.UI.csproj", "{AFF0DB5A-5810-4DDE-AC88-CAEB94CDB8FB}"
EndProject
Global
	GlobalSection(SolutionConfigurationPlatforms) = preSolution
		Debug|Any CPU = Debug|Any CPU
		Release|Any CPU = Release|Any CPU
	EndGlobalSection
	GlobalSection(ProjectConfigurationPlatforms) = postSolution
		{667C1A88-8173-454D-B44F-CE9B27CC0548}.Debug|Any CPU.ActiveCfg = Debug|Any CPU
		{667C1A88-8173-454D-B44F-CE9B27CC0548}.Debug|Any CPU.Build.0 = Debug|Any CPU
		{667C1A88-8173-454D-B44F-CE9B27CC0548}.Release|Any CPU.ActiveCfg = Release|Any CPU
		{667C1A88-8173-454D-B44F-CE9B27CC0548}.Release|Any CPU.Build.0 = Release|Any CPU
		{46FD95B7-ADBE-465D-989D-D316CA7887D4}.Debug|Any CPU.ActiveCfg = Debug|Any CPU
		{46FD95B7-ADBE-465D-989D-D316CA7887D4}.Debug|Any CPU.Build.0 = Debug|Any CPU
		{46FD95B7-ADBE-465D-989D-D316CA7887D4}.Release|Any CPU.ActiveCfg = Release|Any CPU
		{46FD95B7-ADBE-465D-989D-D316CA7887D4}.Release|Any CPU.Build.0 = Release|Any CPU
		{FC2478FB-2B60-491F-A1D8-B9C6D869B2F8}.Debug|Any CPU.ActiveCfg = Debug|Any CPU
		{FC2478FB-2B60-491F-A1D8-B9C6D869B2F8}.Debug|Any CPU.Build.0 = Debug|Any CPU
		{FC2478FB-2B60-491F-A1D8-B9C6D869B2F8}.Release|Any CPU.ActiveCfg = Release|Any CPU
		{FC2478FB-2B60-491F-A1D8-B9C6D869B2F8}.Release|Any CPU.Build.0 = Release|Any CPU
		{0610E5DC-D7B5-4923-BB9B-52E1CD58E09C}.Debug|Any CPU.ActiveCfg = Debug|Any CPU
		{0610E5DC-D7B5-4923-BB9B-52E1CD58E09C}.Debug|Any CPU.Build.0 = Debug|Any CPU
		{0610E5DC-D7B5-4923-BB9B-52E1CD58E09C}.Release|Any CPU.ActiveCfg = Release|Any CPU
		{0610E5DC-D7B5-4923-BB9B-52E1CD58E09C}.Release|Any CPU.Build.0 = Release|Any CPU
		{56D48F9D-29F4-4E77-86B1-D988EAC1DF42}.Debug|Any CPU.ActiveCfg = Debug|Any CPU
		{56D48F9D-29F4-4E77-86B1-D988EAC1DF42}.Debug|Any CPU.Build.0 = Debug|Any CPU
		{56D48F9D-29F4-4E77-86B1-D988EAC1DF42}.Release|Any CPU.ActiveCfg = Release|Any CPU
		{56D48F9D-29F4-4E77-86B1-D988EAC1DF42}.Release|Any CPU.Build.0 = Release|Any CPU
		{15EFC9E0-F103-4E90-90E8-4D1E98AB86A7}.Debug|Any CPU.ActiveCfg = Debug|Any CPU
		{15EFC9E0-F103-4E90-90E8-4D1E98AB86A7}.Debug|Any CPU.Build.0 = Debug|Any CPU
		{15EFC9E0-F103-4E90-90E8-4D1E98AB86A7}.Release|Any CPU.ActiveCfg = Release|Any CPU
		{15EFC9E0-F103-4E90-90E8-4D1E98AB86A7}.Release|Any CPU.Build.0 = Release|Any CPU
		{E421E735-2833-4948-9BA0-94924BDC502E}.Debug|Any CPU.ActiveCfg = Debug|Any CPU
		{E421E735-2833-4948-9BA0-94924BDC502E}.Debug|Any CPU.Build.0 = Debug|Any CPU
		{E421E735-2833-4948-9BA0-94924BDC502E}.Release|Any CPU.ActiveCfg = Release|Any CPU
		{E421E735-2833-4948-9BA0-94924BDC502E}.Release|Any CPU.Build.0 = Release|Any CPU
		{691CDC67-DE8F-4401-881C-0243108A4AF6}.Debug|Any CPU.ActiveCfg = Debug|Any CPU
		{691CDC67-DE8F-4401-881C-0243108A4AF6}.Debug|Any CPU.Build.0 = Debug|Any CPU
		{691CDC67-DE8F-4401-881C-0243108A4AF6}.Release|Any CPU.ActiveCfg = Release|Any CPU
		{691CDC67-DE8F-4401-881C-0243108A4AF6}.Release|Any CPU.Build.0 = Release|Any CPU
		{EED221DB-3832-4256-AA3D-A7BA2DBC8C9D}.Debug|Any CPU.ActiveCfg = Debug|Any CPU
		{EED221DB-3832-4256-AA3D-A7BA2DBC8C9D}.Debug|Any CPU.Build.0 = Debug|Any CPU
		{EED221DB-3832-4256-AA3D-A7BA2DBC8C9D}.Release|Any CPU.ActiveCfg = Release|Any CPU
		{EED221DB-3832-4256-AA3D-A7BA2DBC8C9D}.Release|Any CPU.Build.0 = Release|Any CPU
		{107CC343-852F-4892-8332-6433C406C813}.Debug|Any CPU.ActiveCfg = Debug|Any CPU
		{107CC343-852F-4892-8332-6433C406C813}.Debug|Any CPU.Build.0 = Debug|Any CPU
		{107CC343-852F-4892-8332-6433C406C813}.Release|Any CPU.ActiveCfg = Release|Any CPU
		{107CC343-852F-4892-8332-6433C406C813}.Release|Any CPU.Build.0 = Release|Any CPU
		{E6068534-A545-4264-B455-A95407D972F3}.Debug|Any CPU.ActiveCfg = Debug|Any CPU
		{E6068534-A545-4264-B455-A95407D972F3}.Debug|Any CPU.Build.0 = Debug|Any CPU
		{E6068534-A545-4264-B455-A95407D972F3}.Release|Any CPU.ActiveCfg = Release|Any CPU
		{E6068534-A545-4264-B455-A95407D972F3}.Release|Any CPU.Build.0 = Release|Any CPU
		{AFF0DB5A-5810-4DDE-AC88-CAEB94CDB8FB}.Debug|Any CPU.ActiveCfg = Debug|Any CPU
		{AFF0DB5A-5810-4DDE-AC88-CAEB94CDB8FB}.Debug|Any CPU.Build.0 = Debug|Any CPU
		{AFF0DB5A-5810-4DDE-AC88-CAEB94CDB8FB}.Release|Any CPU.ActiveCfg = Release|Any CPU
		{AFF0DB5A-5810-4DDE-AC88-CAEB94CDB8FB}.Release|Any CPU.Build.0 = Release|Any CPU
	EndGlobalSection
	GlobalSection(SolutionProperties) = preSolution
		HideSolutionNode = FALSE
	EndGlobalSection
	GlobalSection(NestedProjects) = preSolution
		{46FD95B7-ADBE-465D-989D-D316CA7887D4} = {F1E23106-EA1A-4880-9405-23143EC1E404}
		{667C1A88-8173-454D-B44F-CE9B27CC0548} = {F1E23106-EA1A-4880-9405-23143EC1E404}
		{15EFC9E0-F103-4E90-90E8-4D1E98AB86A7} = {F1E23106-EA1A-4880-9405-23143EC1E404}
		{FC2478FB-2B60-491F-A1D8-B9C6D869B2F8} = {F1E23106-EA1A-4880-9405-23143EC1E404}
		{56D48F9D-29F4-4E77-86B1-D988EAC1DF42} = {F1E23106-EA1A-4880-9405-23143EC1E404}
		{0610E5DC-D7B5-4923-BB9B-52E1CD58E09C} = {F1E23106-EA1A-4880-9405-23143EC1E404}
		{E421E735-2833-4948-9BA0-94924BDC502E} = {F1E23106-EA1A-4880-9405-23143EC1E404}
		{691CDC67-DE8F-4401-881C-0243108A4AF6} = {D3D021A6-14D4-49A6-BDCD-FDA38746FF10}
		{EED221DB-3832-4256-AA3D-A7BA2DBC8C9D} = {D3D021A6-14D4-49A6-BDCD-FDA38746FF10}
		{107CC343-852F-4892-8332-6433C406C813} = {D3D021A6-14D4-49A6-BDCD-FDA38746FF10}
		{E6068534-A545-4264-B455-A95407D972F3} = {D3D021A6-14D4-49A6-BDCD-FDA38746FF10}
		{AFF0DB5A-5810-4DDE-AC88-CAEB94CDB8FB} = {D3D021A6-14D4-49A6-BDCD-FDA38746FF10}
	EndGlobalSection
	GlobalSection(ExtensibilityGlobals) = postSolution
		VisualSVNWorkingCopyRoot = ..\..
	EndGlobalSection
EndGlobal
